// !$*UTF8*$!
{
	archiveVersion = 1;
	classes = {
	};
	objectVersion = 46;
	objects = {

/* Begin PBXBuildFile section */
		E005CE3F113B08CE00BEBEBE /* SystemLogTestsAllocationTests.m in Sources */ = {isa = PBXBuildFile; fileRef = E005CE3D113B08CE00BEBEBE /* SystemLogTestsAllocationTests.m */; };
		E005CE40113B08CE00BEBEBE /* SystemLogTestsAllocationTests.m in Sources */ = {isa = PBXBuildFile; fileRef = E005CE3D113B08CE00BEBEBE /* SystemLogTestsAllocationTests.m */; };
		E005CE58113B095B00BEBEBE /* ASLDataStore.m in Sources */ = {isa = PBXBuildFile; fileRef = E005CE56113B095B00BEBEBE /* ASLDataStore.m */; };
		E005CE59113B095B00BEBEBE /* ASLDataStore.m in Sources */ = {isa = PBXBuildFile; fileRef = E005CE56113B095B00BEBEBE /* ASLDataStore.m */; };
		E005CE5C113B0A0800BEBEBE /* SystemLogTestsLoggingTests.m in Sources */ = {isa = PBXBuildFile; fileRef = E005CE5A113B0A0800BEBEBE /* SystemLogTestsLoggingTests.m */; };
		E005CE5D113B0A0800BEBEBE /* SystemLogTestsLoggingTests.m in Sources */ = {isa = PBXBuildFile; fileRef = E005CE5A113B0A0800BEBEBE /* SystemLogTestsLoggingTests.m */; };
		E02A2B6F114D54D20089CD35 /* SystemLogTestsThreadedTests.m in Sources */ = {isa = PBXBuildFile; fileRef = E02A2B6E114D54D20089CD35 /* SystemLogTestsThreadedTests.m */; };
		E02A2B71114D54D20089CD35 /* SystemLogTestsThreadedTests.m in Sources */ = {isa = PBXBuildFile; fileRef = E02A2B6E114D54D20089CD35 /* SystemLogTestsThreadedTests.m */; };
		E02A2B72114D54D20089CD35 /* SystemLogTestsThreadedTests.m in Sources */ = {isa = PBXBuildFile; fileRef = E02A2B6E114D54D20089CD35 /* SystemLogTestsThreadedTests.m */; };
		E02A2B93114D5A2E0089CD35 /* SystemLogTestsConfigurationTests.m in Sources */ = {isa = PBXBuildFile; fileRef = E02A2B92114D5A2E0089CD35 /* SystemLogTestsConfigurationTests.m */; };
		E02A2B95114D5A2E0089CD35 /* SystemLogTestsConfigurationTests.m in Sources */ = {isa = PBXBuildFile; fileRef = E02A2B92114D5A2E0089CD35 /* SystemLogTestsConfigurationTests.m */; };
		E02A2B96114D5A2E0089CD35 /* SystemLogTestsConfigurationTests.m in Sources */ = {isa = PBXBuildFile; fileRef = E02A2B92114D5A2E0089CD35 /* SystemLogTestsConfigurationTests.m */; };
		E02A2BA1114D5D0C0089CD35 /* lcl.m in Sources */ = {isa = PBXBuildFile; fileRef = E03B9CB9113B01E300628BF9 /* lcl.m */; };
		E02A2BA2114D5D0C0089CD35 /* LCLSystemLog.m in Sources */ = {isa = PBXBuildFile; fileRef = E02E6F72113B009D00735C3A /* LCLSystemLog.m */; };
		E02A2BB7114D5DA50089CD35 /* SystemLogTestsTemplatesTests.m in Sources */ = {isa = PBXBuildFile; fileRef = E02A2BB6114D5DA50089CD35 /* SystemLogTestsTemplatesTests.m */; };
		E03288FE113B0682005C878D /* lcl.m in Sources */ = {isa = PBXBuildFile; fileRef = E03B9CB9113B01E300628BF9 /* lcl.m */; };
		E03288FF113B0682005C878D /* LCLSystemLog.m in Sources */ = {isa = PBXBuildFile; fileRef = E02E6F72113B009D00735C3A /* LCLSystemLog.m */; };
		E046413A144F6074005FFD8F /* lcl.m in Sources */ = {isa = PBXBuildFile; fileRef = E03B9CB9113B01E300628BF9 /* lcl.m */; };
		E046413B144F6074005FFD8F /* LCLSystemLog.m in Sources */ = {isa = PBXBuildFile; fileRef = E02E6F72113B009D00735C3A /* LCLSystemLog.m */; };
		E046413C144F6074005FFD8F /* SystemLogTestsAllocationTests.m in Sources */ = {isa = PBXBuildFile; fileRef = E005CE3D113B08CE00BEBEBE /* SystemLogTestsAllocationTests.m */; };
		E046413D144F6074005FFD8F /* ASLDataStore.m in Sources */ = {isa = PBXBuildFile; fileRef = E005CE56113B095B00BEBEBE /* ASLDataStore.m */; };
		E046413E144F6074005FFD8F /* SystemLogTestsLoggingTests.m in Sources */ = {isa = PBXBuildFile; fileRef = E005CE5A113B0A0800BEBEBE /* SystemLogTestsLoggingTests.m */; };
		E046413F144F6074005FFD8F /* SystemLogTestsLCLLoggingTests.m in Sources */ = {isa = PBXBuildFile; fileRef = E07CDF6311428A4C00EB3CE2 /* SystemLogTestsLCLLoggingTests.m */; };
		E0464140144F6074005FFD8F /* SystemLogTestsLCLLogFormatTests.m in Sources */ = {isa = PBXBuildFile; fileRef = E07CDFB7114293D400EB3CE2 /* SystemLogTestsLCLLogFormatTests.m */; };
		E0464141144F6074005FFD8F /* SystemLogTestsLogFormatTests.m in Sources */ = {isa = PBXBuildFile; fileRef = E07CDFCF1142965D00EB3CE2 /* SystemLogTestsLogFormatTests.m */; };
		E0464142144F6074005FFD8F /* SystemLogTestsLoggerConfiguration.m in Sources */ = {isa = PBXBuildFile; fileRef = E056AC8A1143B74C00F48AE0 /* SystemLogTestsLoggerConfiguration.m */; };
		E0464143144F6074005FFD8F /* SystemLogTestsPerThreadConnectionsTest.m in Sources */ = {isa = PBXBuildFile; fileRef = E08CF9101143BD4A00A1FDF5 /* SystemLogTestsPerThreadConnectionsTest.m */; };
		E0464144144F6074005FFD8F /* SystemLogTestsThreadedTests.m in Sources */ = {isa = PBXBuildFile; fileRef = E02A2B6E114D54D20089CD35 /* SystemLogTestsThreadedTests.m */; };
		E0464145144F6074005FFD8F /* SystemLogTestsConfigurationTests.m in Sources */ = {isa = PBXBuildFile; fileRef = E02A2B92114D5A2E0089CD35 /* SystemLogTestsConfigurationTests.m */; };
		E0464146144F6074005FFD8F /* SystemLogTestsObjectiveCPlusPlusTests.mm in Sources */ = {isa = PBXBuildFile; fileRef = E0E1F2181286F636001D506F /* SystemLogTestsObjectiveCPlusPlusTests.mm */; };
		E056AC8B1143B74C00F48AE0 /* SystemLogTestsLoggerConfiguration.m in Sources */ = {isa = PBXBuildFile; fileRef = E056AC8A1143B74C00F48AE0 /* SystemLogTestsLoggerConfiguration.m */; };
		E056AC8C1143B74C00F48AE0 /* SystemLogTestsLoggerConfiguration.m in Sources */ = {isa = PBXBuildFile; fileRef = E056AC8A1143B74C00F48AE0 /* SystemLogTestsLoggerConfiguration.m */; };
		E056AC8D1143B74C00F48AE0 /* SystemLogTestsLoggerConfiguration.m in Sources */ = {isa = PBXBuildFile; fileRef = E056AC8A1143B74C00F48AE0 /* SystemLogTestsLoggerConfiguration.m */; };
		E07CDF6511428A4C00EB3CE2 /* SystemLogTestsLCLLoggingTests.m in Sources */ = {isa = PBXBuildFile; fileRef = E07CDF6311428A4C00EB3CE2 /* SystemLogTestsLCLLoggingTests.m */; };
		E07CDF6611428A4C00EB3CE2 /* SystemLogTestsLCLLoggingTests.m in Sources */ = {isa = PBXBuildFile; fileRef = E07CDF6311428A4C00EB3CE2 /* SystemLogTestsLCLLoggingTests.m */; };
		E07CDFB8114293D400EB3CE2 /* SystemLogTestsLCLLogFormatTests.m in Sources */ = {isa = PBXBuildFile; fileRef = E07CDFB7114293D400EB3CE2 /* SystemLogTestsLCLLogFormatTests.m */; };
		E07CDFB9114293D400EB3CE2 /* SystemLogTestsLCLLogFormatTests.m in Sources */ = {isa = PBXBuildFile; fileRef = E07CDFB7114293D400EB3CE2 /* SystemLogTestsLCLLogFormatTests.m */; };
		E07CDFD01142965D00EB3CE2 /* SystemLogTestsLogFormatTests.m in Sources */ = {isa = PBXBuildFile; fileRef = E07CDFCF1142965D00EB3CE2 /* SystemLogTestsLogFormatTests.m */; };
		E07CDFD11142965D00EB3CE2 /* SystemLogTestsLogFormatTests.m in Sources */ = {isa = PBXBuildFile; fileRef = E07CDFCF1142965D00EB3CE2 /* SystemLogTestsLogFormatTests.m */; };
		E07CE13D1142E0DD00EB3CE2 /* lcl.m in Sources */ = {isa = PBXBuildFile; fileRef = E03B9CB9113B01E300628BF9 /* lcl.m */; };
		E07CE13E1142E0DD00EB3CE2 /* LCLSystemLog.m in Sources */ = {isa = PBXBuildFile; fileRef = E02E6F72113B009D00735C3A /* LCLSystemLog.m */; };
		E07CE13F1142E0DD00EB3CE2 /* SystemLogTestsAllocationTests.m in Sources */ = {isa = PBXBuildFile; fileRef = E005CE3D113B08CE00BEBEBE /* SystemLogTestsAllocationTests.m */; };
		E07CE1401142E0DD00EB3CE2 /* ASLDataStore.m in Sources */ = {isa = PBXBuildFile; fileRef = E005CE56113B095B00BEBEBE /* ASLDataStore.m */; };
		E07CE1411142E0DD00EB3CE2 /* SystemLogTestsLoggingTests.m in Sources */ = {isa = PBXBuildFile; fileRef = E005CE5A113B0A0800BEBEBE /* SystemLogTestsLoggingTests.m */; };
		E07CE1421142E0DD00EB3CE2 /* SystemLogTestsLCLLoggingTests.m in Sources */ = {isa = PBXBuildFile; fileRef = E07CDF6311428A4C00EB3CE2 /* SystemLogTestsLCLLoggingTests.m */; };
		E07CE1431142E0DD00EB3CE2 /* SystemLogTestsLCLLogFormatTests.m in Sources */ = {isa = PBXBuildFile; fileRef = E07CDFB7114293D400EB3CE2 /* SystemLogTestsLCLLogFormatTests.m */; };
		E07CE1441142E0DD00EB3CE2 /* SystemLogTestsLogFormatTests.m in Sources */ = {isa = PBXBuildFile; fileRef = E07CDFCF1142965D00EB3CE2 /* SystemLogTestsLogFormatTests.m */; };
		E08CF9111143BD4A00A1FDF5 /* SystemLogTestsPerThreadConnectionsTest.m in Sources */ = {isa = PBXBuildFile; fileRef = E08CF9101143BD4A00A1FDF5 /* SystemLogTestsPerThreadConnectionsTest.m */; };
		E08CF9121143BD4A00A1FDF5 /* SystemLogTestsPerThreadConnectionsTest.m in Sources */ = {isa = PBXBuildFile; fileRef = E08CF9101143BD4A00A1FDF5 /* SystemLogTestsPerThreadConnectionsTest.m */; };
		E08CF9131143BD4A00A1FDF5 /* SystemLogTestsPerThreadConnectionsTest.m in Sources */ = {isa = PBXBuildFile; fileRef = E08CF9101143BD4A00A1FDF5 /* SystemLogTestsPerThreadConnectionsTest.m */; };
		E095E0E01156577400C27BE8 /* LCLSystemLog.m in Sources */ = {isa = PBXBuildFile; fileRef = E02E6F72113B009D00735C3A /* LCLSystemLog.m */; };
		E095E0EA115657BA00C27BE8 /* SystemLogTestsStandaloneTests.m in Sources */ = {isa = PBXBuildFile; fileRef = E095E0E9115657BA00C27BE8 /* SystemLogTestsStandaloneTests.m */; };
		E0B443FE1143D32C00390B71 /* SystemLogTestsLoggerConfiguration.m in Sources */ = {isa = PBXBuildFile; fileRef = E056AC8A1143B74C00F48AE0 /* SystemLogTestsLoggerConfiguration.m */; };
		E0DB2F57113B079C003E06ED /* lcl.m in Sources */ = {isa = PBXBuildFile; fileRef = E03B9CB9113B01E300628BF9 /* lcl.m */; };
		E0DB2F58113B079C003E06ED /* LCLSystemLog.m in Sources */ = {isa = PBXBuildFile; fileRef = E02E6F72113B009D00735C3A /* LCLSystemLog.m */; };
		E0E1F21C1286F636001D506F /* SystemLogTestsObjectiveCPlusPlusTests.mm in Sources */ = {isa = PBXBuildFile; fileRef = E0E1F2181286F636001D506F /* SystemLogTestsObjectiveCPlusPlusTests.mm */; };
		E0E1F21D1286F636001D506F /* SystemLogTestsObjectiveCPlusPlusTests.mm in Sources */ = {isa = PBXBuildFile; fileRef = E0E1F2181286F636001D506F /* SystemLogTestsObjectiveCPlusPlusTests.mm */; };
		E0E1F21E1286F636001D506F /* SystemLogTestsObjectiveCPlusPlusTests.mm in Sources */ = {isa = PBXBuildFile; fileRef = E0E1F2181286F636001D506F /* SystemLogTestsObjectiveCPlusPlusTests.mm */; };
		E0E6ACF1113B04A700DD0374 /* lcl.m in Sources */ = {isa = PBXBuildFile; fileRef = E03B9CB9113B01E300628BF9 /* lcl.m */; };
		E0E6ACF4113B04A900DD0374 /* LCLSystemLog.m in Sources */ = {isa = PBXBuildFile; fileRef = E02E6F72113B009D00735C3A /* LCLSystemLog.m */; };
/* End PBXBuildFile section */

/* Begin PBXContainerItemProxy section */
		E02A2BB4114D5D180089CD35 /* PBXContainerItemProxy */ = {
			isa = PBXContainerItemProxy;
			containerPortal = 29B97313FDCFA39411CA2CEA /* Project object */;
			proxyType = 1;
			remoteGlobalIDString = E02A2B9E114D5D0C0089CD35;
			remoteInfo = "SystemLog-Tests-Templates";
		};
		E0328908113B06AC005C878D /* PBXContainerItemProxy */ = {
			isa = PBXContainerItemProxy;
			containerPortal = 29B97313FDCFA39411CA2CEA /* Project object */;
			proxyType = 1;
			remoteGlobalIDString = E03288FB113B0682005C878D;
			remoteInfo = "SystemLog-Tests-MacOSX-10.6-ClangLLVM";
		};
		E046414F144F60D2005FFD8F /* PBXContainerItemProxy */ = {
			isa = PBXContainerItemProxy;
			containerPortal = 29B97313FDCFA39411CA2CEA /* Project object */;
			proxyType = 1;
			remoteGlobalIDString = E0464137144F6074005FFD8F;
			remoteInfo = "SystemLog-Tests-MacOSX-ARC";
		};
		E07CE14D1142E11200EB3CE2 /* PBXContainerItemProxy */ = {
			isa = PBXContainerItemProxy;
			containerPortal = 29B97313FDCFA39411CA2CEA /* Project object */;
			proxyType = 1;
			remoteGlobalIDString = E07CE13A1142E0DD00EB3CE2;
			remoteInfo = "SystemLog-Tests-MacOSX-10.6-StaticAnalyzer";
		};
		E095E0EC115657D800C27BE8 /* PBXContainerItemProxy */ = {
			isa = PBXContainerItemProxy;
			containerPortal = 29B97313FDCFA39411CA2CEA /* Project object */;
			proxyType = 1;
			remoteGlobalIDString = E095E0DC1156577400C27BE8;
			remoteInfo = "SystemLog-Tests-Standalone";
		};
/* End PBXContainerItemProxy section */

/* Begin PBXFileReference section */
		E005CE3D113B08CE00BEBEBE /* SystemLogTestsAllocationTests.m */ = {isa = PBXFileReference; fileEncoding = 4; lastKnownFileType = sourcecode.c.objc; name = SystemLogTestsAllocationTests.m; path = "SystemLog-Tests/SystemLogTestsAllocationTests.m"; sourceTree = "<group>"; };
		E005CE55113B095B00BEBEBE /* ASLDataStore.h */ = {isa = PBXFileReference; fileEncoding = 4; lastKnownFileType = sourcecode.c.h; name = ASLDataStore.h; path = "SystemLog-Tests/ASLDataStore.h"; sourceTree = "<group>"; };
		E005CE56113B095B00BEBEBE /* ASLDataStore.m */ = {isa = PBXFileReference; fileEncoding = 4; lastKnownFileType = sourcecode.c.objc; lineEnding = 0; name = ASLDataStore.m; path = "SystemLog-Tests/ASLDataStore.m"; sourceTree = "<group>"; xcLanguageSpecificationIdentifier = xcode.lang.objc; };
		E005CE5A113B0A0800BEBEBE /* SystemLogTestsLoggingTests.m */ = {isa = PBXFileReference; fileEncoding = 4; lastKnownFileType = sourcecode.c.objc; name = SystemLogTestsLoggingTests.m; path = "SystemLog-Tests/SystemLogTestsLoggingTests.m"; sourceTree = "<group>"; };
		E02A2B6E114D54D20089CD35 /* SystemLogTestsThreadedTests.m */ = {isa = PBXFileReference; fileEncoding = 4; lastKnownFileType = sourcecode.c.objc; name = SystemLogTestsThreadedTests.m; path = "SystemLog-Tests/SystemLogTestsThreadedTests.m"; sourceTree = "<group>"; };
		E02A2B92114D5A2E0089CD35 /* SystemLogTestsConfigurationTests.m */ = {isa = PBXFileReference; fileEncoding = 4; lastKnownFileType = sourcecode.c.objc; name = SystemLogTestsConfigurationTests.m; path = "SystemLog-Tests/SystemLogTestsConfigurationTests.m"; sourceTree = "<group>"; };
		E02A2B9D114D5CBC0089CD35 /* SystemLogTestsSystemLogConfig.h */ = {isa = PBXFileReference; fileEncoding = 4; lastKnownFileType = sourcecode.c.h; name = SystemLogTestsSystemLogConfig.h; path = "SystemLog-Tests/SystemLogTestsSystemLogConfig.h"; sourceTree = "<group>"; };
		E02A2BB2114D5D0C0089CD35 /* SystemLog-Tests-Templates.octest */ = {isa = PBXFileReference; explicitFileType = wrapper.cfbundle; includeInIndex = 0; path = "SystemLog-Tests-Templates.octest"; sourceTree = BUILT_PRODUCTS_DIR; };
		E02A2BB6114D5DA50089CD35 /* SystemLogTestsTemplatesTests.m */ = {isa = PBXFileReference; fileEncoding = 4; lastKnownFileType = sourcecode.c.objc; name = SystemLogTestsTemplatesTests.m; path = "SystemLog-Tests/SystemLogTestsTemplatesTests.m"; sourceTree = "<group>"; };
		E02E6F70113B009D00735C3A /* lcl_config_logger.template.h */ = {isa = PBXFileReference; fileEncoding = 4; lastKnownFileType = sourcecode.c.h; name = lcl_config_logger.template.h; path = ../lcl_config_logger.template.h; sourceTree = SOURCE_ROOT; };
		E02E6F71113B009D00735C3A /* LCLSystemLog.h */ = {isa = PBXFileReference; fileEncoding = 4; lastKnownFileType = sourcecode.c.h; name = LCLSystemLog.h; path = ../LCLSystemLog.h; sourceTree = SOURCE_ROOT; };
		E02E6F72113B009D00735C3A /* LCLSystemLog.m */ = {isa = PBXFileReference; fileEncoding = 4; lastKnownFileType = sourcecode.c.objc; name = LCLSystemLog.m; path = ../LCLSystemLog.m; sourceTree = SOURCE_ROOT; };
		E0328905113B0682005C878D /* SystemLog-Tests-MacOSX-ClangLLVM.octest */ = {isa = PBXFileReference; explicitFileType = wrapper.cfbundle; includeInIndex = 0; path = "SystemLog-Tests-MacOSX-ClangLLVM.octest"; sourceTree = BUILT_PRODUCTS_DIR; };
		E03B9CB8113B01E300628BF9 /* lcl.h */ = {isa = PBXFileReference; fileEncoding = 4; lastKnownFileType = sourcecode.c.h; name = lcl.h; path = Core/lcl.h; sourceTree = "<group>"; };
		E03B9CB9113B01E300628BF9 /* lcl.m */ = {isa = PBXFileReference; fileEncoding = 4; lastKnownFileType = sourcecode.c.objc; name = lcl.m; path = Core/lcl.m; sourceTree = "<group>"; };
		E03B9CC8113B02F200628BF9 /* SystemLog-Tests.octest */ = {isa = PBXFileReference; explicitFileType = wrapper.cfbundle; includeInIndex = 0; path = "SystemLog-Tests.octest"; sourceTree = BUILT_PRODUCTS_DIR; };
		E03B9CD6113B035600628BF9 /* SystemLog-Tests-Info.plist */ = {isa = PBXFileReference; fileEncoding = 4; lastKnownFileType = text.plist.xml; name = "SystemLog-Tests-Info.plist"; path = "SystemLog-Tests/SystemLog-Tests-Info.plist"; sourceTree = "<group>"; };
		E046414C144F6074005FFD8F /* SystemLog-Tests-MacOSX-ARC.octest */ = {isa = PBXFileReference; explicitFileType = wrapper.cfbundle; includeInIndex = 0; path = "SystemLog-Tests-MacOSX-ARC.octest"; sourceTree = BUILT_PRODUCTS_DIR; };
		E054F7AB15EA90E30027406B /* lcl_config_logger.h */ = {isa = PBXFileReference; fileEncoding = 4; lastKnownFileType = sourcecode.c.h; name = lcl_config_logger.h; path = "SystemLog-Tests/lcl_config_logger.h"; sourceTree = "<group>"; };
		E056AC891143B74C00F48AE0 /* SystemLogTestsLoggerConfiguration.h */ = {isa = PBXFileReference; fileEncoding = 4; lastKnownFileType = sourcecode.c.h; name = SystemLogTestsLoggerConfiguration.h; path = "SystemLog-Tests/SystemLogTestsLoggerConfiguration.h"; sourceTree = "<group>"; };
		E056AC8A1143B74C00F48AE0 /* SystemLogTestsLoggerConfiguration.m */ = {isa = PBXFileReference; fileEncoding = 4; lastKnownFileType = sourcecode.c.objc; name = SystemLogTestsLoggerConfiguration.m; path = "SystemLog-Tests/SystemLogTestsLoggerConfiguration.m"; sourceTree = "<group>"; };
		E07CDEAB1142701300EB3CE2 /* LCLSystemLogConfig.template.h */ = {isa = PBXFileReference; fileEncoding = 4; lastKnownFileType = sourcecode.c.h; name = LCLSystemLogConfig.template.h; path = ../LCLSystemLogConfig.template.h; sourceTree = SOURCE_ROOT; };
		E07CDEBC1142732500EB3CE2 /* LCLSystemLogConfig.h */ = {isa = PBXFileReference; fileEncoding = 4; lastKnownFileType = sourcecode.c.h; name = LCLSystemLogConfig.h; path = "SystemLog-Tests/LCLSystemLogConfig.h"; sourceTree = "<group>"; };
		E07CDF6311428A4C00EB3CE2 /* SystemLogTestsLCLLoggingTests.m */ = {isa = PBXFileReference; fileEncoding = 4; lastKnownFileType = sourcecode.c.objc; name = SystemLogTestsLCLLoggingTests.m; path = "SystemLog-Tests/SystemLogTestsLCLLoggingTests.m"; sourceTree = "<group>"; };
		E07CDFB7114293D400EB3CE2 /* SystemLogTestsLCLLogFormatTests.m */ = {isa = PBXFileReference; fileEncoding = 4; lastKnownFileType = sourcecode.c.objc; name = SystemLogTestsLCLLogFormatTests.m; path = "SystemLog-Tests/SystemLogTestsLCLLogFormatTests.m"; sourceTree = "<group>"; };
		E07CDFCF1142965D00EB3CE2 /* SystemLogTestsLogFormatTests.m */ = {isa = PBXFileReference; fileEncoding = 4; lastKnownFileType = sourcecode.c.objc; name = SystemLogTestsLogFormatTests.m; path = "SystemLog-Tests/SystemLogTestsLogFormatTests.m"; sourceTree = "<group>"; };
		E07CE0851142CA4600EB3CE2 /* README.md */ = {isa = PBXFileReference; fileEncoding = 4; lastKnownFileType = text; name = README.md; path = ../README.md; sourceTree = SOURCE_ROOT; };
		E07CE14A1142E0DD00EB3CE2 /* SystemLog-Tests-MacOSX-StaticAnalyzer.octest */ = {isa = PBXFileReference; explicitFileType = wrapper.cfbundle; includeInIndex = 0; path = "SystemLog-Tests-MacOSX-StaticAnalyzer.octest"; sourceTree = BUILT_PRODUCTS_DIR; };
		E08CF9101143BD4A00A1FDF5 /* SystemLogTestsPerThreadConnectionsTest.m */ = {isa = PBXFileReference; fileEncoding = 4; lastKnownFileType = sourcecode.c.objc; name = SystemLogTestsPerThreadConnectionsTest.m; path = "SystemLog-Tests/SystemLogTestsPerThreadConnectionsTest.m"; sourceTree = "<group>"; };
		E095E0E71156577400C27BE8 /* SystemLog-Tests-Standalone.octest */ = {isa = PBXFileReference; explicitFileType = wrapper.cfbundle; includeInIndex = 0; path = "SystemLog-Tests-Standalone.octest"; sourceTree = BUILT_PRODUCTS_DIR; };
		E095E0E9115657BA00C27BE8 /* SystemLogTestsStandaloneTests.m */ = {isa = PBXFileReference; fileEncoding = 4; lastKnownFileType = sourcecode.c.objc; name = SystemLogTestsStandaloneTests.m; path = "SystemLog-Tests/SystemLogTestsStandaloneTests.m"; sourceTree = "<group>"; };
		E0DB2F5E113B079C003E06ED /* SystemLog-Tests-iPhoneOS-Device.octest */ = {isa = PBXFileReference; explicitFileType = wrapper.cfbundle; includeInIndex = 0; path = "SystemLog-Tests-iPhoneOS-Device.octest"; sourceTree = BUILT_PRODUCTS_DIR; };
		E0E1F2181286F636001D506F /* SystemLogTestsObjectiveCPlusPlusTests.mm */ = {isa = PBXFileReference; fileEncoding = 4; lastKnownFileType = sourcecode.cpp.objcpp; name = SystemLogTestsObjectiveCPlusPlusTests.mm; path = "SystemLog-Tests/SystemLogTestsObjectiveCPlusPlusTests.mm"; sourceTree = "<group>"; };
		E0E6ACE9113B049900DD0374 /* SystemLogTests.pch */ = {isa = PBXFileReference; fileEncoding = 4; lastKnownFileType = sourcecode.c.h; name = SystemLogTests.pch; path = "SystemLog-Tests/SystemLogTests.pch"; sourceTree = "<group>"; };
		E0E6ACFA113B04D200DD0374 /* lcl_config_components.h */ = {isa = PBXFileReference; fileEncoding = 4; lastKnownFileType = sourcecode.c.h; name = lcl_config_components.h; path = "SystemLog-Tests/lcl_config_components.h"; sourceTree = "<group>"; };
		E0E6ACFB113B04D200DD0374 /* lcl_config_extensions.h */ = {isa = PBXFileReference; fileEncoding = 4; lastKnownFileType = sourcecode.c.h; name = lcl_config_extensions.h; path = "SystemLog-Tests/lcl_config_extensions.h"; sourceTree = "<group>"; };
/* End PBXFileReference section */

/* Begin PBXFrameworksBuildPhase section */
		E02A2BAD114D5D0C0089CD35 /* Frameworks */ = {
			isa = PBXFrameworksBuildPhase;
			buildActionMask = 2147483647;
			files = (
			);
			runOnlyForDeploymentPostprocessing = 0;
		};
		E0328900113B0682005C878D /* Frameworks */ = {
			isa = PBXFrameworksBuildPhase;
			buildActionMask = 2147483647;
			files = (
			);
			runOnlyForDeploymentPostprocessing = 0;
		};
		E03B9CC5113B02F200628BF9 /* Frameworks */ = {
			isa = PBXFrameworksBuildPhase;
			buildActionMask = 2147483647;
			files = (
			);
			runOnlyForDeploymentPostprocessing = 0;
		};
		E0464147144F6074005FFD8F /* Frameworks */ = {
			isa = PBXFrameworksBuildPhase;
			buildActionMask = 2147483647;
			files = (
			);
			runOnlyForDeploymentPostprocessing = 0;
		};
		E07CE1451142E0DD00EB3CE2 /* Frameworks */ = {
			isa = PBXFrameworksBuildPhase;
			buildActionMask = 2147483647;
			files = (
			);
			runOnlyForDeploymentPostprocessing = 0;
		};
		E095E0E21156577400C27BE8 /* Frameworks */ = {
			isa = PBXFrameworksBuildPhase;
			buildActionMask = 2147483647;
			files = (
			);
			runOnlyForDeploymentPostprocessing = 0;
		};
		E0DB2F59113B079C003E06ED /* Frameworks */ = {
			isa = PBXFrameworksBuildPhase;
			buildActionMask = 2147483647;
			files = (
			);
			runOnlyForDeploymentPostprocessing = 0;
		};
/* End PBXFrameworksBuildPhase section */

/* Begin PBXGroup section */
		29B97314FDCFA39411CA2CEA /* SystemLog */ = {
			isa = PBXGroup;
			children = (
				E07CE0851142CA4600EB3CE2 /* README.md */,
				E03B9CB7113B01D500628BF9 /* Core */,
				E02E6F6F113B009100735C3A /* SystemLog */,
				E03B9CD2113B033300628BF9 /* SystemLog-Tests */,
				E03B9CC8113B02F200628BF9 /* SystemLog-Tests.octest */,
				E0328905113B0682005C878D /* SystemLog-Tests-MacOSX-ClangLLVM.octest */,
				E07CE14A1142E0DD00EB3CE2 /* SystemLog-Tests-MacOSX-StaticAnalyzer.octest */,
				E0DB2F5E113B079C003E06ED /* SystemLog-Tests-iPhoneOS-Device.octest */,
				E02A2BB2114D5D0C0089CD35 /* SystemLog-Tests-Templates.octest */,
				E095E0E71156577400C27BE8 /* SystemLog-Tests-Standalone.octest */,
				E046414C144F6074005FFD8F /* SystemLog-Tests-MacOSX-ARC.octest */,
			);
			name = SystemLog;
			sourceTree = "<group>";
		};
		E02E6F6F113B009100735C3A /* SystemLog */ = {
			isa = PBXGroup;
			children = (
				E02E6F71113B009D00735C3A /* LCLSystemLog.h */,
				E02E6F72113B009D00735C3A /* LCLSystemLog.m */,
				E07CDEAB1142701300EB3CE2 /* LCLSystemLogConfig.template.h */,
				E02E6F70113B009D00735C3A /* lcl_config_logger.template.h */,
			);
			name = SystemLog;
			sourceTree = "<group>";
		};
		E03B9CB7113B01D500628BF9 /* Core */ = {
			isa = PBXGroup;
			children = (
				E03B9CB8113B01E300628BF9 /* lcl.h */,
				E03B9CB9113B01E300628BF9 /* lcl.m */,
			);
			name = Core;
			sourceTree = "<group>";
		};
		E03B9CD2113B033300628BF9 /* SystemLog-Tests */ = {
			isa = PBXGroup;
			children = (
				E0E6ACFA113B04D200DD0374 /* lcl_config_components.h */,
				E0E6ACFB113B04D200DD0374 /* lcl_config_extensions.h */,
				E054F7AB15EA90E30027406B /* lcl_config_logger.h */,
				E07CDEBC1142732500EB3CE2 /* LCLSystemLogConfig.h */,
				E02A2B9D114D5CBC0089CD35 /* SystemLogTestsSystemLogConfig.h */,
				E0E6ACE9113B049900DD0374 /* SystemLogTests.pch */,
				E03B9CD6113B035600628BF9 /* SystemLog-Tests-Info.plist */,
				E056AC891143B74C00F48AE0 /* SystemLogTestsLoggerConfiguration.h */,
				E056AC8A1143B74C00F48AE0 /* SystemLogTestsLoggerConfiguration.m */,
				E005CE55113B095B00BEBEBE /* ASLDataStore.h */,
				E005CE56113B095B00BEBEBE /* ASLDataStore.m */,
				E005CE3D113B08CE00BEBEBE /* SystemLogTestsAllocationTests.m */,
				E02A2B92114D5A2E0089CD35 /* SystemLogTestsConfigurationTests.m */,
				E005CE5A113B0A0800BEBEBE /* SystemLogTestsLoggingTests.m */,
				E07CDFCF1142965D00EB3CE2 /* SystemLogTestsLogFormatTests.m */,
				E07CDF6311428A4C00EB3CE2 /* SystemLogTestsLCLLoggingTests.m */,
				E07CDFB7114293D400EB3CE2 /* SystemLogTestsLCLLogFormatTests.m */,
				E08CF9101143BD4A00A1FDF5 /* SystemLogTestsPerThreadConnectionsTest.m */,
				E02A2B6E114D54D20089CD35 /* SystemLogTestsThreadedTests.m */,
				E02A2BB6114D5DA50089CD35 /* SystemLogTestsTemplatesTests.m */,
				E095E0E9115657BA00C27BE8 /* SystemLogTestsStandaloneTests.m */,
				E0E1F2181286F636001D506F /* SystemLogTestsObjectiveCPlusPlusTests.mm */,
			);
			name = "SystemLog-Tests";
			sourceTree = "<group>";
		};
/* End PBXGroup section */

/* Begin PBXNativeTarget section */
		E02A2B9E114D5D0C0089CD35 /* SystemLog-Tests-Templates */ = {
			isa = PBXNativeTarget;
			buildConfigurationList = E02A2BAF114D5D0C0089CD35 /* Build configuration list for PBXNativeTarget "SystemLog-Tests-Templates" */;
			buildPhases = (
				E02A2B9F114D5D0C0089CD35 /* Resources */,
				E02A2BA0114D5D0C0089CD35 /* Sources */,
				E02A2BAD114D5D0C0089CD35 /* Frameworks */,
				E02A2BAE114D5D0C0089CD35 /* ShellScript */,
			);
			buildRules = (
			);
			dependencies = (
			);
			name = "SystemLog-Tests-Templates";
			productName = "SystemLog-Tests";
			productReference = E02A2BB2114D5D0C0089CD35 /* SystemLog-Tests-Templates.octest */;
			productType = "com.apple.product-type.bundle";
		};
		E03288FB113B0682005C878D /* SystemLog-Tests-MacOSX-ClangLLVM */ = {
			isa = PBXNativeTarget;
			buildConfigurationList = E0328902113B0682005C878D /* Build configuration list for PBXNativeTarget "SystemLog-Tests-MacOSX-ClangLLVM" */;
			buildPhases = (
				E03288FC113B0682005C878D /* Resources */,
				E03288FD113B0682005C878D /* Sources */,
				E0328900113B0682005C878D /* Frameworks */,
				E0328901113B0682005C878D /* ShellScript */,
			);
			buildRules = (
			);
			dependencies = (
			);
			name = "SystemLog-Tests-MacOSX-ClangLLVM";
			productName = "SystemLog-Tests";
			productReference = E0328905113B0682005C878D /* SystemLog-Tests-MacOSX-ClangLLVM.octest */;
			productType = "com.apple.product-type.bundle";
		};
		E03B9CC7113B02F200628BF9 /* SystemLog-Tests */ = {
			isa = PBXNativeTarget;
			buildConfigurationList = E03B9CCC113B02F300628BF9 /* Build configuration list for PBXNativeTarget "SystemLog-Tests" */;
			buildPhases = (
				E03B9CC3113B02F200628BF9 /* Resources */,
				E03B9CC4113B02F200628BF9 /* Sources */,
				E03B9CC5113B02F200628BF9 /* Frameworks */,
				E03B9CC6113B02F200628BF9 /* ShellScript */,
			);
			buildRules = (
			);
			dependencies = (
				E0464150144F60D2005FFD8F /* PBXTargetDependency */,
				E0328909113B06AC005C878D /* PBXTargetDependency */,
				E07CE14E1142E11200EB3CE2 /* PBXTargetDependency */,
				E02A2BB5114D5D180089CD35 /* PBXTargetDependency */,
				E095E0ED115657D800C27BE8 /* PBXTargetDependency */,
			);
			name = "SystemLog-Tests";
			productName = "SystemLog-Tests";
			productReference = E03B9CC8113B02F200628BF9 /* SystemLog-Tests.octest */;
			productType = "com.apple.product-type.bundle";
		};
		E0464137144F6074005FFD8F /* SystemLog-Tests-MacOSX-ARC */ = {
			isa = PBXNativeTarget;
			buildConfigurationList = E0464149144F6074005FFD8F /* Build configuration list for PBXNativeTarget "SystemLog-Tests-MacOSX-ARC" */;
			buildPhases = (
				E0464138144F6074005FFD8F /* Resources */,
				E0464139144F6074005FFD8F /* Sources */,
				E0464147144F6074005FFD8F /* Frameworks */,
				E0464148144F6074005FFD8F /* ShellScript */,
			);
			buildRules = (
			);
			dependencies = (
			);
			name = "SystemLog-Tests-MacOSX-ARC";
			productName = "SystemLog-Tests";
			productReference = E046414C144F6074005FFD8F /* SystemLog-Tests-MacOSX-ARC.octest */;
			productType = "com.apple.product-type.bundle";
		};
		E07CE13A1142E0DD00EB3CE2 /* SystemLog-Tests-MacOSX-StaticAnalyzer */ = {
			isa = PBXNativeTarget;
			buildConfigurationList = E07CE1471142E0DD00EB3CE2 /* Build configuration list for PBXNativeTarget "SystemLog-Tests-MacOSX-StaticAnalyzer" */;
			buildPhases = (
				E07CE13B1142E0DD00EB3CE2 /* Resources */,
				E07CE13C1142E0DD00EB3CE2 /* Sources */,
				E07CE1451142E0DD00EB3CE2 /* Frameworks */,
				E07CE1461142E0DD00EB3CE2 /* ShellScript */,
			);
			buildRules = (
			);
			dependencies = (
			);
			name = "SystemLog-Tests-MacOSX-StaticAnalyzer";
			productName = "SystemLog-Tests";
			productReference = E07CE14A1142E0DD00EB3CE2 /* SystemLog-Tests-MacOSX-StaticAnalyzer.octest */;
			productType = "com.apple.product-type.bundle";
		};
		E095E0DC1156577400C27BE8 /* SystemLog-Tests-Standalone */ = {
			isa = PBXNativeTarget;
			buildConfigurationList = E095E0E41156577400C27BE8 /* Build configuration list for PBXNativeTarget "SystemLog-Tests-Standalone" */;
			buildPhases = (
				E095E0DD1156577400C27BE8 /* Resources */,
				E095E0DE1156577400C27BE8 /* Sources */,
				E095E0E21156577400C27BE8 /* Frameworks */,
				E095E0E31156577400C27BE8 /* ShellScript */,
			);
			buildRules = (
			);
			dependencies = (
			);
			name = "SystemLog-Tests-Standalone";
			productName = "SystemLog-Tests";
			productReference = E095E0E71156577400C27BE8 /* SystemLog-Tests-Standalone.octest */;
			productType = "com.apple.product-type.bundle";
		};
		E0DB2F54113B079C003E06ED /* SystemLog-Tests-iPhoneOS-Device */ = {
			isa = PBXNativeTarget;
			buildConfigurationList = E0DB2F5B113B079C003E06ED /* Build configuration list for PBXNativeTarget "SystemLog-Tests-iPhoneOS-Device" */;
			buildPhases = (
				E0DB2F55113B079C003E06ED /* Resources */,
				E0DB2F56113B079C003E06ED /* Sources */,
				E0DB2F59113B079C003E06ED /* Frameworks */,
				E0DB2F5A113B079C003E06ED /* ShellScript */,
			);
			buildRules = (
			);
			dependencies = (
			);
			name = "SystemLog-Tests-iPhoneOS-Device";
			productName = "SystemLog-Tests";
			productReference = E0DB2F5E113B079C003E06ED /* SystemLog-Tests-iPhoneOS-Device.octest */;
			productType = "com.apple.product-type.bundle";
		};
/* End PBXNativeTarget section */

/* Begin PBXProject section */
		29B97313FDCFA39411CA2CEA /* Project object */ = {
			isa = PBXProject;
			attributes = {
				LastUpgradeCheck = 0440;
			};
			buildConfigurationList = C01FCF4E08A954540054247B /* Build configuration list for PBXProject "LibComponentLogging-SystemLog" */;
			compatibilityVersion = "Xcode 3.2";
			developmentRegion = English;
			hasScannedForEncodings = 1;
			knownRegions = (
				English,
			);
			mainGroup = 29B97314FDCFA39411CA2CEA /* SystemLog */;
			productRefGroup = 29B97314FDCFA39411CA2CEA /* SystemLog */;
			projectDirPath = "";
			projectRoot = "";
			targets = (
				E03B9CC7113B02F200628BF9 /* SystemLog-Tests */,
				E0464137144F6074005FFD8F /* SystemLog-Tests-MacOSX-ARC */,
				E03288FB113B0682005C878D /* SystemLog-Tests-MacOSX-ClangLLVM */,
				E07CE13A1142E0DD00EB3CE2 /* SystemLog-Tests-MacOSX-StaticAnalyzer */,
				E0DB2F54113B079C003E06ED /* SystemLog-Tests-iPhoneOS-Device */,
				E02A2B9E114D5D0C0089CD35 /* SystemLog-Tests-Templates */,
				E095E0DC1156577400C27BE8 /* SystemLog-Tests-Standalone */,
			);
		};
/* End PBXProject section */

/* Begin PBXResourcesBuildPhase section */
		E02A2B9F114D5D0C0089CD35 /* Resources */ = {
			isa = PBXResourcesBuildPhase;
			buildActionMask = 2147483647;
			files = (
			);
			runOnlyForDeploymentPostprocessing = 0;
		};
		E03288FC113B0682005C878D /* Resources */ = {
			isa = PBXResourcesBuildPhase;
			buildActionMask = 2147483647;
			files = (
			);
			runOnlyForDeploymentPostprocessing = 0;
		};
		E03B9CC3113B02F200628BF9 /* Resources */ = {
			isa = PBXResourcesBuildPhase;
			buildActionMask = 2147483647;
			files = (
			);
			runOnlyForDeploymentPostprocessing = 0;
		};
		E0464138144F6074005FFD8F /* Resources */ = {
			isa = PBXResourcesBuildPhase;
			buildActionMask = 2147483647;
			files = (
			);
			runOnlyForDeploymentPostprocessing = 0;
		};
		E07CE13B1142E0DD00EB3CE2 /* Resources */ = {
			isa = PBXResourcesBuildPhase;
			buildActionMask = 2147483647;
			files = (
			);
			runOnlyForDeploymentPostprocessing = 0;
		};
		E095E0DD1156577400C27BE8 /* Resources */ = {
			isa = PBXResourcesBuildPhase;
			buildActionMask = 2147483647;
			files = (
			);
			runOnlyForDeploymentPostprocessing = 0;
		};
		E0DB2F55113B079C003E06ED /* Resources */ = {
			isa = PBXResourcesBuildPhase;
			buildActionMask = 2147483647;
			files = (
			);
			runOnlyForDeploymentPostprocessing = 0;
		};
/* End PBXResourcesBuildPhase section */

/* Begin PBXShellScriptBuildPhase section */
		E02A2BAE114D5D0C0089CD35 /* ShellScript */ = {
			isa = PBXShellScriptBuildPhase;
			buildActionMask = 2147483647;
			files = (
			);
			inputPaths = (
			);
			outputPaths = (
			);
			runOnlyForDeploymentPostprocessing = 0;
			shellPath = /bin/sh;
			shellScript = "# Run the unit tests in this test bundle.\n\"${SYSTEM_DEVELOPER_DIR}/Tools/RunUnitTests\"\n";
		};
		E0328901113B0682005C878D /* ShellScript */ = {
			isa = PBXShellScriptBuildPhase;
			buildActionMask = 2147483647;
			files = (
			);
			inputPaths = (
			);
			outputPaths = (
			);
			runOnlyForDeploymentPostprocessing = 0;
			shellPath = /bin/sh;
			shellScript = "# Run the unit tests in this test bundle.\n\"${SYSTEM_DEVELOPER_DIR}/Tools/RunUnitTests\"\n";
		};
		E03B9CC6113B02F200628BF9 /* ShellScript */ = {
			isa = PBXShellScriptBuildPhase;
			buildActionMask = 2147483647;
			files = (
			);
			inputPaths = (
			);
			outputPaths = (
			);
			runOnlyForDeploymentPostprocessing = 0;
			shellPath = /bin/sh;
			shellScript = "# Run the unit tests in this test bundle.\n\"${SYSTEM_DEVELOPER_DIR}/Tools/RunUnitTests\"\n";
		};
		E0464148144F6074005FFD8F /* ShellScript */ = {
			isa = PBXShellScriptBuildPhase;
			buildActionMask = 2147483647;
			files = (
			);
			inputPaths = (
			);
			outputPaths = (
			);
			runOnlyForDeploymentPostprocessing = 0;
			shellPath = /bin/sh;
			shellScript = "# Run the unit tests in this test bundle.\n\"${SYSTEM_DEVELOPER_DIR}/Tools/RunUnitTests\"\n";
		};
		E07CE1461142E0DD00EB3CE2 /* ShellScript */ = {
			isa = PBXShellScriptBuildPhase;
			buildActionMask = 2147483647;
			files = (
			);
			inputPaths = (
			);
			outputPaths = (
			);
			runOnlyForDeploymentPostprocessing = 0;
			shellPath = /bin/sh;
			shellScript = "# Run the unit tests in this test bundle.\n\"${SYSTEM_DEVELOPER_DIR}/Tools/RunUnitTests\"\n";
		};
		E095E0E31156577400C27BE8 /* ShellScript */ = {
			isa = PBXShellScriptBuildPhase;
			buildActionMask = 2147483647;
			files = (
			);
			inputPaths = (
			);
			outputPaths = (
			);
			runOnlyForDeploymentPostprocessing = 0;
			shellPath = /bin/sh;
			shellScript = "# Run the unit tests in this test bundle.\n\"${SYSTEM_DEVELOPER_DIR}/Tools/RunUnitTests\"\n";
		};
		E0DB2F5A113B079C003E06ED /* ShellScript */ = {
			isa = PBXShellScriptBuildPhase;
			buildActionMask = 2147483647;
			files = (
			);
			inputPaths = (
			);
			outputPaths = (
			);
			runOnlyForDeploymentPostprocessing = 0;
			shellPath = /bin/sh;
			shellScript = "# Run the unit tests in this test bundle.\n\"${SYSTEM_DEVELOPER_DIR}/Tools/RunUnitTests\"\n";
		};
/* End PBXShellScriptBuildPhase section */

/* Begin PBXSourcesBuildPhase section */
		E02A2BA0114D5D0C0089CD35 /* Sources */ = {
			isa = PBXSourcesBuildPhase;
			buildActionMask = 2147483647;
			files = (
				E02A2BA1114D5D0C0089CD35 /* lcl.m in Sources */,
				E02A2BA2114D5D0C0089CD35 /* LCLSystemLog.m in Sources */,
				E02A2BB7114D5DA50089CD35 /* SystemLogTestsTemplatesTests.m in Sources */,
			);
			runOnlyForDeploymentPostprocessing = 0;
		};
		E03288FD113B0682005C878D /* Sources */ = {
			isa = PBXSourcesBuildPhase;
			buildActionMask = 2147483647;
			files = (
				E03288FE113B0682005C878D /* lcl.m in Sources */,
				E03288FF113B0682005C878D /* LCLSystemLog.m in Sources */,
				E005CE40113B08CE00BEBEBE /* SystemLogTestsAllocationTests.m in Sources */,
				E005CE59113B095B00BEBEBE /* ASLDataStore.m in Sources */,
				E005CE5D113B0A0800BEBEBE /* SystemLogTestsLoggingTests.m in Sources */,
				E07CDF6611428A4C00EB3CE2 /* SystemLogTestsLCLLoggingTests.m in Sources */,
				E07CDFB8114293D400EB3CE2 /* SystemLogTestsLCLLogFormatTests.m in Sources */,
				E07CDFD01142965D00EB3CE2 /* SystemLogTestsLogFormatTests.m in Sources */,
				E056AC8D1143B74C00F48AE0 /* SystemLogTestsLoggerConfiguration.m in Sources */,
				E08CF9131143BD4A00A1FDF5 /* SystemLogTestsPerThreadConnectionsTest.m in Sources */,
				E02A2B6F114D54D20089CD35 /* SystemLogTestsThreadedTests.m in Sources */,
				E02A2B93114D5A2E0089CD35 /* SystemLogTestsConfigurationTests.m in Sources */,
				E0E1F21E1286F636001D506F /* SystemLogTestsObjectiveCPlusPlusTests.mm in Sources */,
			);
			runOnlyForDeploymentPostprocessing = 0;
		};
		E03B9CC4113B02F200628BF9 /* Sources */ = {
			isa = PBXSourcesBuildPhase;
			buildActionMask = 2147483647;
			files = (
				E0E6ACF1113B04A700DD0374 /* lcl.m in Sources */,
				E0E6ACF4113B04A900DD0374 /* LCLSystemLog.m in Sources */,
				E0B443FE1143D32C00390B71 /* SystemLogTestsLoggerConfiguration.m in Sources */,
			);
			runOnlyForDeploymentPostprocessing = 0;
		};
		E0464139144F6074005FFD8F /* Sources */ = {
			isa = PBXSourcesBuildPhase;
			buildActionMask = 2147483647;
			files = (
				E046413A144F6074005FFD8F /* lcl.m in Sources */,
				E046413B144F6074005FFD8F /* LCLSystemLog.m in Sources */,
				E046413C144F6074005FFD8F /* SystemLogTestsAllocationTests.m in Sources */,
				E046413D144F6074005FFD8F /* ASLDataStore.m in Sources */,
				E046413E144F6074005FFD8F /* SystemLogTestsLoggingTests.m in Sources */,
				E046413F144F6074005FFD8F /* SystemLogTestsLCLLoggingTests.m in Sources */,
				E0464140144F6074005FFD8F /* SystemLogTestsLCLLogFormatTests.m in Sources */,
				E0464141144F6074005FFD8F /* SystemLogTestsLogFormatTests.m in Sources */,
				E0464142144F6074005FFD8F /* SystemLogTestsLoggerConfiguration.m in Sources */,
				E0464143144F6074005FFD8F /* SystemLogTestsPerThreadConnectionsTest.m in Sources */,
				E0464144144F6074005FFD8F /* SystemLogTestsThreadedTests.m in Sources */,
				E0464145144F6074005FFD8F /* SystemLogTestsConfigurationTests.m in Sources */,
				E0464146144F6074005FFD8F /* SystemLogTestsObjectiveCPlusPlusTests.mm in Sources */,
			);
			runOnlyForDeploymentPostprocessing = 0;
		};
		E07CE13C1142E0DD00EB3CE2 /* Sources */ = {
			isa = PBXSourcesBuildPhase;
			buildActionMask = 2147483647;
			files = (
				E07CE13D1142E0DD00EB3CE2 /* lcl.m in Sources */,
				E07CE13E1142E0DD00EB3CE2 /* LCLSystemLog.m in Sources */,
				E07CE13F1142E0DD00EB3CE2 /* SystemLogTestsAllocationTests.m in Sources */,
				E07CE1401142E0DD00EB3CE2 /* ASLDataStore.m in Sources */,
				E07CE1411142E0DD00EB3CE2 /* SystemLogTestsLoggingTests.m in Sources */,
				E07CE1421142E0DD00EB3CE2 /* SystemLogTestsLCLLoggingTests.m in Sources */,
				E07CE1431142E0DD00EB3CE2 /* SystemLogTestsLCLLogFormatTests.m in Sources */,
				E07CE1441142E0DD00EB3CE2 /* SystemLogTestsLogFormatTests.m in Sources */,
				E056AC8B1143B74C00F48AE0 /* SystemLogTestsLoggerConfiguration.m in Sources */,
				E08CF9111143BD4A00A1FDF5 /* SystemLogTestsPerThreadConnectionsTest.m in Sources */,
				E02A2B71114D54D20089CD35 /* SystemLogTestsThreadedTests.m in Sources */,
				E02A2B95114D5A2E0089CD35 /* SystemLogTestsConfigurationTests.m in Sources */,
				E0E1F21D1286F636001D506F /* SystemLogTestsObjectiveCPlusPlusTests.mm in Sources */,
			);
			runOnlyForDeploymentPostprocessing = 0;
		};
		E095E0DE1156577400C27BE8 /* Sources */ = {
			isa = PBXSourcesBuildPhase;
			buildActionMask = 2147483647;
			files = (
				E095E0E01156577400C27BE8 /* LCLSystemLog.m in Sources */,
				E095E0EA115657BA00C27BE8 /* SystemLogTestsStandaloneTests.m in Sources */,
			);
			runOnlyForDeploymentPostprocessing = 0;
		};
		E0DB2F56113B079C003E06ED /* Sources */ = {
			isa = PBXSourcesBuildPhase;
			buildActionMask = 2147483647;
			files = (
				E0DB2F57113B079C003E06ED /* lcl.m in Sources */,
				E0DB2F58113B079C003E06ED /* LCLSystemLog.m in Sources */,
				E005CE3F113B08CE00BEBEBE /* SystemLogTestsAllocationTests.m in Sources */,
				E005CE58113B095B00BEBEBE /* ASLDataStore.m in Sources */,
				E005CE5C113B0A0800BEBEBE /* SystemLogTestsLoggingTests.m in Sources */,
				E07CDF6511428A4C00EB3CE2 /* SystemLogTestsLCLLoggingTests.m in Sources */,
				E07CDFB9114293D400EB3CE2 /* SystemLogTestsLCLLogFormatTests.m in Sources */,
				E07CDFD11142965D00EB3CE2 /* SystemLogTestsLogFormatTests.m in Sources */,
				E056AC8C1143B74C00F48AE0 /* SystemLogTestsLoggerConfiguration.m in Sources */,
				E08CF9121143BD4A00A1FDF5 /* SystemLogTestsPerThreadConnectionsTest.m in Sources */,
				E02A2B72114D54D20089CD35 /* SystemLogTestsThreadedTests.m in Sources */,
				E02A2B96114D5A2E0089CD35 /* SystemLogTestsConfigurationTests.m in Sources */,
				E0E1F21C1286F636001D506F /* SystemLogTestsObjectiveCPlusPlusTests.mm in Sources */,
			);
			runOnlyForDeploymentPostprocessing = 0;
		};
/* End PBXSourcesBuildPhase section */

/* Begin PBXTargetDependency section */
		E02A2BB5114D5D180089CD35 /* PBXTargetDependency */ = {
			isa = PBXTargetDependency;
			target = E02A2B9E114D5D0C0089CD35 /* SystemLog-Tests-Templates */;
			targetProxy = E02A2BB4114D5D180089CD35 /* PBXContainerItemProxy */;
		};
		E0328909113B06AC005C878D /* PBXTargetDependency */ = {
			isa = PBXTargetDependency;
			target = E03288FB113B0682005C878D /* SystemLog-Tests-MacOSX-ClangLLVM */;
			targetProxy = E0328908113B06AC005C878D /* PBXContainerItemProxy */;
		};
		E0464150144F60D2005FFD8F /* PBXTargetDependency */ = {
			isa = PBXTargetDependency;
			target = E0464137144F6074005FFD8F /* SystemLog-Tests-MacOSX-ARC */;
			targetProxy = E046414F144F60D2005FFD8F /* PBXContainerItemProxy */;
		};
		E07CE14E1142E11200EB3CE2 /* PBXTargetDependency */ = {
			isa = PBXTargetDependency;
			target = E07CE13A1142E0DD00EB3CE2 /* SystemLog-Tests-MacOSX-StaticAnalyzer */;
			targetProxy = E07CE14D1142E11200EB3CE2 /* PBXContainerItemProxy */;
		};
		E095E0ED115657D800C27BE8 /* PBXTargetDependency */ = {
			isa = PBXTargetDependency;
			target = E095E0DC1156577400C27BE8 /* SystemLog-Tests-Standalone */;
			targetProxy = E095E0EC115657D800C27BE8 /* PBXContainerItemProxy */;
		};
/* End PBXTargetDependency section */

/* Begin XCBuildConfiguration section */
		C01FCF4F08A954540054247B /* Debug */ = {
			isa = XCBuildConfiguration;
			buildSettings = {
				ARCHS = "$(ARCHS_STANDARD_32_BIT)";
				GCC_C_LANGUAGE_STANDARD = c99;
				GCC_OPTIMIZATION_LEVEL = 0;
				GCC_WARN_ABOUT_RETURN_TYPE = YES;
				GCC_WARN_UNUSED_VARIABLE = YES;
				ONLY_ACTIVE_ARCH = YES;
				SDKROOT = macosx;
			};
			name = Debug;
		};
		C01FCF5008A954540054247B /* Release */ = {
			isa = XCBuildConfiguration;
			buildSettings = {
				ARCHS = "$(ARCHS_STANDARD_32_BIT)";
				GCC_C_LANGUAGE_STANDARD = c99;
				GCC_WARN_ABOUT_RETURN_TYPE = YES;
				GCC_WARN_UNUSED_VARIABLE = YES;
				SDKROOT = macosx;
			};
			name = Release;
		};
		E02A2BB0114D5D0C0089CD35 /* Debug */ = {
			isa = XCBuildConfiguration;
			buildSettings = {
				ALWAYS_SEARCH_USER_PATHS = NO;
				ARCHS = (
					x86_64,
					i386,
					ppc,
				);
				COMBINE_HIDPI_IMAGES = YES;
				COPY_PHASE_STRIP = NO;
				FRAMEWORK_SEARCH_PATHS = "$(DEVELOPER_LIBRARY_DIR)/Frameworks";
				GCC_DYNAMIC_NO_PIC = NO;
				GCC_ENABLE_OBJC_EXCEPTIONS = YES;
				GCC_MODEL_TUNING = G5;
				GCC_OPTIMIZATION_LEVEL = 0;
				GCC_PRECOMPILE_PREFIX_HEADER = YES;
				GCC_PREFIX_HEADER = "SystemLog-Tests/SystemLogTests.pch";
				GCC_PREPROCESSOR_DEFINITIONS = (
					"LCLSystemLogConnection=TestLCLSystemLogConnection",
					"LCLSystemLog=TestLCLSystemLog",
					SYSTEMLOG_TESTS_TEMPLATES_BUILD,
				);
				GCC_TREAT_IMPLICIT_FUNCTION_DECLARATIONS_AS_ERRORS = YES;
				GCC_TREAT_NONCONFORMANT_CODE_ERRORS_AS_WARNINGS = YES;
				GCC_TREAT_WARNINGS_AS_ERRORS = YES;
				GCC_WARN_64_TO_32_BIT_CONVERSION = YES;
				GCC_WARN_ABOUT_MISSING_NEWLINE = YES;
				GCC_WARN_ABOUT_MISSING_PROTOTYPES = YES;
				GCC_WARN_CHECK_SWITCH_STATEMENTS = YES;
				GCC_WARN_INITIALIZER_NOT_FULLY_BRACKETED = YES;
				GCC_WARN_MISSING_PARENTHESES = YES;
				GCC_WARN_PROTOTYPE_CONVERSION = NO;
				GCC_WARN_SHADOW = YES;
				GCC_WARN_SIGN_COMPARE = YES;
				GCC_WARN_UNKNOWN_PRAGMAS = YES;
				GCC_WARN_UNUSED_FUNCTION = YES;
				GCC_WARN_UNUSED_LABEL = YES;
				GCC_WARN_UNUSED_PARAMETER = YES;
				INFOPLIST_FILE = "SystemLog-Tests/SystemLog-Tests-Info.plist";
				INSTALL_PATH = "$(USER_LIBRARY_DIR)/Bundles";
				ONLY_ACTIVE_ARCH = NO;
				OTHER_LDFLAGS = (
					"-framework",
					Foundation,
					"-framework",
					SenTestingKit,
				);
				PRODUCT_NAME = "SystemLog-Tests-Templates";
				SDKROOT = "";
				TEST_AFTER_BUILD = YES;
				WARNING_CFLAGS = (
					"-Wall",
					"-Weverything",
					"-fdiagnostics-show-category=id",
				);
				WRAPPER_EXTENSION = octest;
			};
			name = Debug;
		};
		E02A2BB1114D5D0C0089CD35 /* Release */ = {
			isa = XCBuildConfiguration;
			buildSettings = {
				ALWAYS_SEARCH_USER_PATHS = NO;
				ARCHS = (
					x86_64,
					i386,
					ppc,
				);
				COMBINE_HIDPI_IMAGES = YES;
				COPY_PHASE_STRIP = YES;
				DEBUG_INFORMATION_FORMAT = "dwarf-with-dsym";
				FRAMEWORK_SEARCH_PATHS = "$(DEVELOPER_LIBRARY_DIR)/Frameworks";
				GCC_ENABLE_OBJC_EXCEPTIONS = YES;
				GCC_MODEL_TUNING = G5;
				GCC_PRECOMPILE_PREFIX_HEADER = YES;
				GCC_PREFIX_HEADER = "SystemLog-Tests/SystemLogTests.pch";
				GCC_PREPROCESSOR_DEFINITIONS = (
					"LCLSystemLogConnection=TestLCLSystemLogConnection",
					"LCLSystemLog=TestLCLSystemLog",
					SYSTEMLOG_TESTS_TEMPLATES_BUILD,
				);
				GCC_TREAT_IMPLICIT_FUNCTION_DECLARATIONS_AS_ERRORS = YES;
				GCC_TREAT_NONCONFORMANT_CODE_ERRORS_AS_WARNINGS = YES;
				GCC_TREAT_WARNINGS_AS_ERRORS = YES;
				GCC_WARN_64_TO_32_BIT_CONVERSION = YES;
				GCC_WARN_ABOUT_MISSING_NEWLINE = YES;
				GCC_WARN_ABOUT_MISSING_PROTOTYPES = YES;
				GCC_WARN_CHECK_SWITCH_STATEMENTS = YES;
				GCC_WARN_INITIALIZER_NOT_FULLY_BRACKETED = YES;
				GCC_WARN_MISSING_PARENTHESES = YES;
				GCC_WARN_PROTOTYPE_CONVERSION = NO;
				GCC_WARN_SHADOW = YES;
				GCC_WARN_SIGN_COMPARE = YES;
				GCC_WARN_UNKNOWN_PRAGMAS = YES;
				GCC_WARN_UNUSED_FUNCTION = YES;
				GCC_WARN_UNUSED_LABEL = YES;
				GCC_WARN_UNUSED_PARAMETER = YES;
				INFOPLIST_FILE = "SystemLog-Tests/SystemLog-Tests-Info.plist";
				INSTALL_PATH = "$(USER_LIBRARY_DIR)/Bundles";
				ONLY_ACTIVE_ARCH = NO;
				OTHER_LDFLAGS = (
					"-framework",
					Foundation,
					"-framework",
					SenTestingKit,
				);
				PRODUCT_NAME = "SystemLog-Tests-Templates";
				SDKROOT = "";
				TEST_AFTER_BUILD = YES;
				WARNING_CFLAGS = (
					"-Wall",
					"-Weverything",
					"-fdiagnostics-show-category=id",
				);
				WRAPPER_EXTENSION = octest;
				ZERO_LINK = NO;
			};
			name = Release;
		};
		E0328903113B0682005C878D /* Debug */ = {
			isa = XCBuildConfiguration;
			buildSettings = {
				ALWAYS_SEARCH_USER_PATHS = NO;
				ARCHS = (
					x86_64,
					i386,
					ppc,
				);
				COMBINE_HIDPI_IMAGES = YES;
				COPY_PHASE_STRIP = NO;
				FRAMEWORK_SEARCH_PATHS = "$(DEVELOPER_LIBRARY_DIR)/Frameworks";
				GCC_DYNAMIC_NO_PIC = NO;
				GCC_ENABLE_OBJC_EXCEPTIONS = YES;
				GCC_MODEL_TUNING = G5;
				GCC_OPTIMIZATION_LEVEL = 0;
				GCC_PRECOMPILE_PREFIX_HEADER = YES;
				GCC_PREFIX_HEADER = "SystemLog-Tests/SystemLogTests.pch";
				GCC_TREAT_IMPLICIT_FUNCTION_DECLARATIONS_AS_ERRORS = YES;
				GCC_TREAT_NONCONFORMANT_CODE_ERRORS_AS_WARNINGS = YES;
				GCC_TREAT_WARNINGS_AS_ERRORS = YES;
				GCC_VERSION = com.apple.compilers.llvm.clang.1_0;
				GCC_WARN_64_TO_32_BIT_CONVERSION = YES;
				GCC_WARN_ABOUT_MISSING_NEWLINE = YES;
				GCC_WARN_ABOUT_MISSING_PROTOTYPES = YES;
				GCC_WARN_CHECK_SWITCH_STATEMENTS = YES;
				GCC_WARN_INITIALIZER_NOT_FULLY_BRACKETED = YES;
				GCC_WARN_MISSING_PARENTHESES = YES;
				GCC_WARN_PROTOTYPE_CONVERSION = NO;
				GCC_WARN_SHADOW = YES;
				GCC_WARN_SIGN_COMPARE = YES;
				GCC_WARN_UNKNOWN_PRAGMAS = YES;
				GCC_WARN_UNUSED_FUNCTION = YES;
				GCC_WARN_UNUSED_LABEL = YES;
				GCC_WARN_UNUSED_PARAMETER = YES;
				INFOPLIST_FILE = "SystemLog-Tests/SystemLog-Tests-Info.plist";
				INSTALL_PATH = "$(USER_LIBRARY_DIR)/Bundles";
				ONLY_ACTIVE_ARCH = NO;
				OTHER_LDFLAGS = (
					"-framework",
					Foundation,
					"-framework",
					SenTestingKit,
				);
				PRODUCT_NAME = "SystemLog-Tests-MacOSX-ClangLLVM";
				RUN_CLANG_STATIC_ANALYZER = YES;
				SDKROOT = "";
				TEST_AFTER_BUILD = YES;
				WARNING_CFLAGS = (
					"-Wall",
					"-Weverything",
					"-fdiagnostics-show-category=id",
				);
				WRAPPER_EXTENSION = octest;
			};
			name = Debug;
		};
		E0328904113B0682005C878D /* Release */ = {
			isa = XCBuildConfiguration;
			buildSettings = {
				ALWAYS_SEARCH_USER_PATHS = NO;
				ARCHS = (
					x86_64,
					i386,
					ppc,
				);
				COMBINE_HIDPI_IMAGES = YES;
				COPY_PHASE_STRIP = YES;
				DEBUG_INFORMATION_FORMAT = "dwarf-with-dsym";
				FRAMEWORK_SEARCH_PATHS = "$(DEVELOPER_LIBRARY_DIR)/Frameworks";
				GCC_ENABLE_OBJC_EXCEPTIONS = YES;
				GCC_MODEL_TUNING = G5;
				GCC_PRECOMPILE_PREFIX_HEADER = YES;
				GCC_PREFIX_HEADER = "SystemLog-Tests/SystemLogTests.pch";
				GCC_TREAT_IMPLICIT_FUNCTION_DECLARATIONS_AS_ERRORS = YES;
				GCC_TREAT_NONCONFORMANT_CODE_ERRORS_AS_WARNINGS = YES;
				GCC_TREAT_WARNINGS_AS_ERRORS = YES;
				GCC_VERSION = com.apple.compilers.llvm.clang.1_0;
				GCC_WARN_64_TO_32_BIT_CONVERSION = YES;
				GCC_WARN_ABOUT_MISSING_NEWLINE = YES;
				GCC_WARN_ABOUT_MISSING_PROTOTYPES = YES;
				GCC_WARN_CHECK_SWITCH_STATEMENTS = YES;
				GCC_WARN_INITIALIZER_NOT_FULLY_BRACKETED = YES;
				GCC_WARN_MISSING_PARENTHESES = YES;
				GCC_WARN_PROTOTYPE_CONVERSION = NO;
				GCC_WARN_SHADOW = YES;
				GCC_WARN_SIGN_COMPARE = YES;
				GCC_WARN_UNKNOWN_PRAGMAS = YES;
				GCC_WARN_UNUSED_FUNCTION = YES;
				GCC_WARN_UNUSED_LABEL = YES;
				GCC_WARN_UNUSED_PARAMETER = YES;
				INFOPLIST_FILE = "SystemLog-Tests/SystemLog-Tests-Info.plist";
				INSTALL_PATH = "$(USER_LIBRARY_DIR)/Bundles";
				ONLY_ACTIVE_ARCH = NO;
				OTHER_LDFLAGS = (
					"-framework",
					Foundation,
					"-framework",
					SenTestingKit,
				);
				PRODUCT_NAME = "SystemLog-Tests-MacOSX-ClangLLVM";
				RUN_CLANG_STATIC_ANALYZER = YES;
				SDKROOT = "";
				TEST_AFTER_BUILD = YES;
				WARNING_CFLAGS = (
					"-Wall",
					"-Weverything",
					"-fdiagnostics-show-category=id",
				);
				WRAPPER_EXTENSION = octest;
				ZERO_LINK = NO;
			};
			name = Release;
		};
		E03B9CCA113B02F300628BF9 /* Debug */ = {
			isa = XCBuildConfiguration;
			buildSettings = {
				ALWAYS_SEARCH_USER_PATHS = NO;
				ARCHS = (
					x86_64,
					i386,
					ppc,
				);
				COMBINE_HIDPI_IMAGES = YES;
				COPY_PHASE_STRIP = NO;
				FRAMEWORK_SEARCH_PATHS = "$(DEVELOPER_LIBRARY_DIR)/Frameworks";
				GCC_DYNAMIC_NO_PIC = NO;
				GCC_ENABLE_OBJC_EXCEPTIONS = YES;
				GCC_MODEL_TUNING = G5;
				GCC_OPTIMIZATION_LEVEL = 0;
				GCC_PRECOMPILE_PREFIX_HEADER = YES;
				GCC_PREFIX_HEADER = "SystemLog-Tests/SystemLogTests.pch";
				GCC_TREAT_IMPLICIT_FUNCTION_DECLARATIONS_AS_ERRORS = YES;
				GCC_TREAT_NONCONFORMANT_CODE_ERRORS_AS_WARNINGS = YES;
				GCC_TREAT_WARNINGS_AS_ERRORS = YES;
				GCC_VERSION = com.apple.compilers.llvm.clang.1_0;
				GCC_WARN_64_TO_32_BIT_CONVERSION = YES;
				GCC_WARN_ABOUT_MISSING_NEWLINE = YES;
				GCC_WARN_ABOUT_MISSING_PROTOTYPES = YES;
				GCC_WARN_CHECK_SWITCH_STATEMENTS = YES;
				GCC_WARN_INITIALIZER_NOT_FULLY_BRACKETED = YES;
				GCC_WARN_MISSING_PARENTHESES = YES;
				GCC_WARN_PROTOTYPE_CONVERSION = NO;
				GCC_WARN_SHADOW = YES;
				GCC_WARN_SIGN_COMPARE = YES;
				GCC_WARN_UNKNOWN_PRAGMAS = YES;
				GCC_WARN_UNUSED_FUNCTION = YES;
				GCC_WARN_UNUSED_LABEL = YES;
				GCC_WARN_UNUSED_PARAMETER = YES;
				INFOPLIST_FILE = "SystemLog-Tests/SystemLog-Tests-Info.plist";
				INSTALL_PATH = "$(USER_LIBRARY_DIR)/Bundles";
				ONLY_ACTIVE_ARCH = NO;
				OTHER_LDFLAGS = (
					"-framework",
					Foundation,
					"-framework",
					SenTestingKit,
				);
				PRODUCT_NAME = "SystemLog-Tests";
				SDKROOT = "";
				TEST_AFTER_BUILD = YES;
				WARNING_CFLAGS = (
					"-Wall",
					"-Weverything",
					"-fdiagnostics-show-category=id",
				);
				WRAPPER_EXTENSION = octest;
			};
			name = Debug;
		};
		E03B9CCB113B02F300628BF9 /* Release */ = {
			isa = XCBuildConfiguration;
			buildSettings = {
				ALWAYS_SEARCH_USER_PATHS = NO;
				ARCHS = (
					x86_64,
					i386,
					ppc,
				);
				COMBINE_HIDPI_IMAGES = YES;
				COPY_PHASE_STRIP = YES;
				DEBUG_INFORMATION_FORMAT = "dwarf-with-dsym";
				FRAMEWORK_SEARCH_PATHS = "$(DEVELOPER_LIBRARY_DIR)/Frameworks";
				GCC_ENABLE_OBJC_EXCEPTIONS = YES;
				GCC_MODEL_TUNING = G5;
				GCC_PRECOMPILE_PREFIX_HEADER = YES;
				GCC_PREFIX_HEADER = "SystemLog-Tests/SystemLogTests.pch";
				GCC_TREAT_IMPLICIT_FUNCTION_DECLARATIONS_AS_ERRORS = YES;
				GCC_TREAT_NONCONFORMANT_CODE_ERRORS_AS_WARNINGS = YES;
				GCC_TREAT_WARNINGS_AS_ERRORS = YES;
				GCC_VERSION = com.apple.compilers.llvm.clang.1_0;
				GCC_WARN_64_TO_32_BIT_CONVERSION = YES;
				GCC_WARN_ABOUT_MISSING_NEWLINE = YES;
				GCC_WARN_ABOUT_MISSING_PROTOTYPES = YES;
				GCC_WARN_CHECK_SWITCH_STATEMENTS = YES;
				GCC_WARN_INITIALIZER_NOT_FULLY_BRACKETED = YES;
				GCC_WARN_MISSING_PARENTHESES = YES;
				GCC_WARN_PROTOTYPE_CONVERSION = NO;
				GCC_WARN_SHADOW = YES;
				GCC_WARN_SIGN_COMPARE = YES;
				GCC_WARN_UNKNOWN_PRAGMAS = YES;
				GCC_WARN_UNUSED_FUNCTION = YES;
				GCC_WARN_UNUSED_LABEL = YES;
				GCC_WARN_UNUSED_PARAMETER = YES;
				INFOPLIST_FILE = "SystemLog-Tests/SystemLog-Tests-Info.plist";
				INSTALL_PATH = "$(USER_LIBRARY_DIR)/Bundles";
				ONLY_ACTIVE_ARCH = NO;
				OTHER_LDFLAGS = (
					"-framework",
					Foundation,
					"-framework",
					SenTestingKit,
				);
				PRODUCT_NAME = "SystemLog-Tests";
				SDKROOT = "";
				TEST_AFTER_BUILD = YES;
				WARNING_CFLAGS = (
					"-Wall",
					"-Weverything",
					"-fdiagnostics-show-category=id",
				);
				WRAPPER_EXTENSION = octest;
				ZERO_LINK = NO;
			};
			name = Release;
		};
		E046414A144F6074005FFD8F /* Debug */ = {
			isa = XCBuildConfiguration;
			buildSettings = {
				ALWAYS_SEARCH_USER_PATHS = NO;
				ARCHS = "$(ARCHS_STANDARD_64_BIT)";
				CLANG_ENABLE_OBJC_ARC = YES;
				CLANG_WARN_OBJCPP_ARC_ABI = YES;
				COMBINE_HIDPI_IMAGES = YES;
				COPY_PHASE_STRIP = NO;
				FRAMEWORK_SEARCH_PATHS = "$(DEVELOPER_LIBRARY_DIR)/Frameworks";
				GCC_DYNAMIC_NO_PIC = NO;
				GCC_ENABLE_OBJC_EXCEPTIONS = YES;
				GCC_MODEL_TUNING = G5;
				GCC_OPTIMIZATION_LEVEL = 0;
				GCC_PRECOMPILE_PREFIX_HEADER = YES;
				GCC_PREFIX_HEADER = "SystemLog-Tests/SystemLogTests.pch";
				GCC_TREAT_IMPLICIT_FUNCTION_DECLARATIONS_AS_ERRORS = YES;
				GCC_TREAT_NONCONFORMANT_CODE_ERRORS_AS_WARNINGS = YES;
				GCC_TREAT_WARNINGS_AS_ERRORS = YES;
				GCC_VERSION = com.apple.compilers.llvm.clang.1_0;
				GCC_WARN_64_TO_32_BIT_CONVERSION = YES;
				GCC_WARN_ABOUT_MISSING_NEWLINE = YES;
				GCC_WARN_ABOUT_MISSING_PROTOTYPES = YES;
				GCC_WARN_CHECK_SWITCH_STATEMENTS = YES;
				GCC_WARN_INITIALIZER_NOT_FULLY_BRACKETED = YES;
				GCC_WARN_MISSING_PARENTHESES = YES;
				GCC_WARN_PROTOTYPE_CONVERSION = NO;
				GCC_WARN_SHADOW = YES;
				GCC_WARN_SIGN_COMPARE = YES;
				GCC_WARN_UNKNOWN_PRAGMAS = YES;
				GCC_WARN_UNUSED_FUNCTION = YES;
				GCC_WARN_UNUSED_LABEL = YES;
				GCC_WARN_UNUSED_PARAMETER = YES;
				INFOPLIST_FILE = "SystemLog-Tests/SystemLog-Tests-Info.plist";
				INSTALL_PATH = "$(USER_LIBRARY_DIR)/Bundles";
				ONLY_ACTIVE_ARCH = NO;
				OTHER_LDFLAGS = (
					"-framework",
					Foundation,
					"-framework",
					SenTestingKit,
				);
				PRODUCT_NAME = "SystemLog-Tests-MacOSX-ARC";
				RUN_CLANG_STATIC_ANALYZER = YES;
				SDKROOT = "";
				TEST_AFTER_BUILD = YES;
				VALID_ARCHS = x86_64;
				WARNING_CFLAGS = (
					"-Wall",
					"-Weverything",
					"-fdiagnostics-show-category=id",
				);
				WRAPPER_EXTENSION = octest;
			};
			name = Debug;
		};
		E046414B144F6074005FFD8F /* Release */ = {
			isa = XCBuildConfiguration;
			buildSettings = {
				ALWAYS_SEARCH_USER_PATHS = NO;
				ARCHS = "$(ARCHS_STANDARD_64_BIT)";
				CLANG_ENABLE_OBJC_ARC = YES;
				CLANG_WARN_OBJCPP_ARC_ABI = YES;
				COMBINE_HIDPI_IMAGES = YES;
				COPY_PHASE_STRIP = YES;
				DEBUG_INFORMATION_FORMAT = "dwarf-with-dsym";
				FRAMEWORK_SEARCH_PATHS = "$(DEVELOPER_LIBRARY_DIR)/Frameworks";
				GCC_ENABLE_OBJC_EXCEPTIONS = YES;
				GCC_MODEL_TUNING = G5;
				GCC_PRECOMPILE_PREFIX_HEADER = YES;
				GCC_PREFIX_HEADER = "SystemLog-Tests/SystemLogTests.pch";
				GCC_TREAT_IMPLICIT_FUNCTION_DECLARATIONS_AS_ERRORS = YES;
				GCC_TREAT_NONCONFORMANT_CODE_ERRORS_AS_WARNINGS = YES;
				GCC_TREAT_WARNINGS_AS_ERRORS = YES;
				GCC_VERSION = com.apple.compilers.llvm.clang.1_0;
				GCC_WARN_64_TO_32_BIT_CONVERSION = YES;
				GCC_WARN_ABOUT_MISSING_NEWLINE = YES;
				GCC_WARN_ABOUT_MISSING_PROTOTYPES = YES;
				GCC_WARN_CHECK_SWITCH_STATEMENTS = YES;
				GCC_WARN_INITIALIZER_NOT_FULLY_BRACKETED = YES;
				GCC_WARN_MISSING_PARENTHESES = YES;
				GCC_WARN_PROTOTYPE_CONVERSION = NO;
				GCC_WARN_SHADOW = YES;
				GCC_WARN_SIGN_COMPARE = YES;
				GCC_WARN_UNKNOWN_PRAGMAS = YES;
				GCC_WARN_UNUSED_FUNCTION = YES;
				GCC_WARN_UNUSED_LABEL = YES;
				GCC_WARN_UNUSED_PARAMETER = YES;
				INFOPLIST_FILE = "SystemLog-Tests/SystemLog-Tests-Info.plist";
				INSTALL_PATH = "$(USER_LIBRARY_DIR)/Bundles";
				ONLY_ACTIVE_ARCH = NO;
				OTHER_LDFLAGS = (
					"-framework",
					Foundation,
					"-framework",
					SenTestingKit,
				);
				PRODUCT_NAME = "SystemLog-Tests-MacOSX-ARC";
				RUN_CLANG_STATIC_ANALYZER = YES;
				SDKROOT = "";
				TEST_AFTER_BUILD = YES;
				VALID_ARCHS = x86_64;
				WARNING_CFLAGS = (
					"-Wall",
					"-Weverything",
					"-fdiagnostics-show-category=id",
				);
				WRAPPER_EXTENSION = octest;
				ZERO_LINK = NO;
			};
			name = Release;
		};
		E07CE1481142E0DD00EB3CE2 /* Debug */ = {
			isa = XCBuildConfiguration;
			buildSettings = {
				ALWAYS_SEARCH_USER_PATHS = NO;
				ARCHS = (
					x86_64,
					i386,
					ppc,
				);
				COMBINE_HIDPI_IMAGES = YES;
				COPY_PHASE_STRIP = NO;
				FRAMEWORK_SEARCH_PATHS = "$(DEVELOPER_LIBRARY_DIR)/Frameworks";
				GCC_DYNAMIC_NO_PIC = NO;
				GCC_ENABLE_OBJC_EXCEPTIONS = YES;
				GCC_MODEL_TUNING = G5;
				GCC_OPTIMIZATION_LEVEL = 0;
				GCC_PRECOMPILE_PREFIX_HEADER = YES;
				GCC_PREFIX_HEADER = "SystemLog-Tests/SystemLogTests.pch";
				GCC_TREAT_IMPLICIT_FUNCTION_DECLARATIONS_AS_ERRORS = YES;
				GCC_TREAT_NONCONFORMANT_CODE_ERRORS_AS_WARNINGS = YES;
				GCC_TREAT_WARNINGS_AS_ERRORS = YES;
				GCC_VERSION = com.apple.compilers.llvm.clang.1_0;
				GCC_WARN_64_TO_32_BIT_CONVERSION = YES;
				GCC_WARN_ABOUT_MISSING_NEWLINE = YES;
				GCC_WARN_ABOUT_MISSING_PROTOTYPES = YES;
				GCC_WARN_CHECK_SWITCH_STATEMENTS = YES;
				GCC_WARN_INITIALIZER_NOT_FULLY_BRACKETED = YES;
				GCC_WARN_MISSING_PARENTHESES = YES;
				GCC_WARN_PROTOTYPE_CONVERSION = NO;
				GCC_WARN_SHADOW = YES;
				GCC_WARN_SIGN_COMPARE = YES;
				GCC_WARN_UNKNOWN_PRAGMAS = YES;
				GCC_WARN_UNUSED_FUNCTION = YES;
				GCC_WARN_UNUSED_LABEL = YES;
				GCC_WARN_UNUSED_PARAMETER = YES;
				INFOPLIST_FILE = "SystemLog-Tests/SystemLog-Tests-Info.plist";
				INSTALL_PATH = "$(USER_LIBRARY_DIR)/Bundles";
				ONLY_ACTIVE_ARCH = NO;
				OTHER_LDFLAGS = (
					"-framework",
					Foundation,
					"-framework",
					SenTestingKit,
				);
				PRODUCT_NAME = "SystemLog-Tests-MacOSX-StaticAnalyzer";
				RUN_CLANG_STATIC_ANALYZER = YES;
				SDKROOT = "";
				TEST_AFTER_BUILD = YES;
				WARNING_CFLAGS = (
					"-Wall",
					"-Weverything",
					"-fdiagnostics-show-category=id",
				);
				WRAPPER_EXTENSION = octest;
			};
			name = Debug;
		};
		E07CE1491142E0DD00EB3CE2 /* Release */ = {
			isa = XCBuildConfiguration;
			buildSettings = {
				ALWAYS_SEARCH_USER_PATHS = NO;
				ARCHS = (
					x86_64,
					i386,
					ppc,
				);
				COMBINE_HIDPI_IMAGES = YES;
				COPY_PHASE_STRIP = YES;
				DEBUG_INFORMATION_FORMAT = "dwarf-with-dsym";
				FRAMEWORK_SEARCH_PATHS = "$(DEVELOPER_LIBRARY_DIR)/Frameworks";
				GCC_ENABLE_OBJC_EXCEPTIONS = YES;
				GCC_MODEL_TUNING = G5;
				GCC_PRECOMPILE_PREFIX_HEADER = YES;
				GCC_PREFIX_HEADER = "SystemLog-Tests/SystemLogTests.pch";
				GCC_TREAT_IMPLICIT_FUNCTION_DECLARATIONS_AS_ERRORS = YES;
				GCC_TREAT_NONCONFORMANT_CODE_ERRORS_AS_WARNINGS = YES;
				GCC_TREAT_WARNINGS_AS_ERRORS = YES;
				GCC_VERSION = com.apple.compilers.llvm.clang.1_0;
				GCC_WARN_64_TO_32_BIT_CONVERSION = YES;
				GCC_WARN_ABOUT_MISSING_NEWLINE = YES;
				GCC_WARN_ABOUT_MISSING_PROTOTYPES = YES;
				GCC_WARN_CHECK_SWITCH_STATEMENTS = YES;
				GCC_WARN_INITIALIZER_NOT_FULLY_BRACKETED = YES;
				GCC_WARN_MISSING_PARENTHESES = YES;
				GCC_WARN_PROTOTYPE_CONVERSION = NO;
				GCC_WARN_SHADOW = YES;
				GCC_WARN_SIGN_COMPARE = YES;
				GCC_WARN_UNKNOWN_PRAGMAS = YES;
				GCC_WARN_UNUSED_FUNCTION = YES;
				GCC_WARN_UNUSED_LABEL = YES;
				GCC_WARN_UNUSED_PARAMETER = YES;
				INFOPLIST_FILE = "SystemLog-Tests/SystemLog-Tests-Info.plist";
				INSTALL_PATH = "$(USER_LIBRARY_DIR)/Bundles";
				ONLY_ACTIVE_ARCH = NO;
				OTHER_LDFLAGS = (
					"-framework",
					Foundation,
					"-framework",
					SenTestingKit,
				);
				PRODUCT_NAME = "SystemLog-Tests-MacOSX-StaticAnalyzer";
				RUN_CLANG_STATIC_ANALYZER = YES;
				SDKROOT = "";
				TEST_AFTER_BUILD = YES;
				WARNING_CFLAGS = (
					"-Wall",
					"-Weverything",
					"-fdiagnostics-show-category=id",
				);
				WRAPPER_EXTENSION = octest;
				ZERO_LINK = NO;
			};
			name = Release;
		};
		E095E0E51156577400C27BE8 /* Debug */ = {
			isa = XCBuildConfiguration;
			buildSettings = {
				ALWAYS_SEARCH_USER_PATHS = NO;
				ARCHS = (
					x86_64,
					i386,
					ppc,
				);
				COMBINE_HIDPI_IMAGES = YES;
				COPY_PHASE_STRIP = NO;
				FRAMEWORK_SEARCH_PATHS = "$(DEVELOPER_LIBRARY_DIR)/Frameworks";
				GCC_DYNAMIC_NO_PIC = NO;
				GCC_ENABLE_OBJC_EXCEPTIONS = YES;
				GCC_MODEL_TUNING = G5;
				GCC_OPTIMIZATION_LEVEL = 0;
				GCC_PRECOMPILE_PREFIX_HEADER = YES;
				GCC_PREFIX_HEADER = "SystemLog-Tests/SystemLogTests.pch";
				GCC_PREPROCESSOR_DEFINITIONS = (
					"LCLSystemLogConnection=TestLCLSystemLogConnection",
					"LCLSystemLog=TestLCLSystemLog",
					SYSTEMLOG_TESTS_TEMPLATES_BUILD,
				);
				GCC_TREAT_IMPLICIT_FUNCTION_DECLARATIONS_AS_ERRORS = YES;
				GCC_TREAT_NONCONFORMANT_CODE_ERRORS_AS_WARNINGS = YES;
				GCC_TREAT_WARNINGS_AS_ERRORS = YES;
				GCC_WARN_64_TO_32_BIT_CONVERSION = YES;
				GCC_WARN_ABOUT_MISSING_NEWLINE = YES;
				GCC_WARN_ABOUT_MISSING_PROTOTYPES = YES;
				GCC_WARN_CHECK_SWITCH_STATEMENTS = YES;
				GCC_WARN_INITIALIZER_NOT_FULLY_BRACKETED = YES;
				GCC_WARN_MISSING_PARENTHESES = YES;
				GCC_WARN_PROTOTYPE_CONVERSION = NO;
				GCC_WARN_SHADOW = YES;
				GCC_WARN_SIGN_COMPARE = YES;
				GCC_WARN_UNKNOWN_PRAGMAS = YES;
				GCC_WARN_UNUSED_FUNCTION = YES;
				GCC_WARN_UNUSED_LABEL = YES;
				GCC_WARN_UNUSED_PARAMETER = YES;
				INFOPLIST_FILE = "SystemLog-Tests/SystemLog-Tests-Info.plist";
				INSTALL_PATH = "$(USER_LIBRARY_DIR)/Bundles";
				ONLY_ACTIVE_ARCH = NO;
				OTHER_LDFLAGS = (
					"-framework",
					Foundation,
					"-framework",
					SenTestingKit,
				);
				PRODUCT_NAME = "SystemLog-Tests-Standalone";
				SDKROOT = "";
				TEST_AFTER_BUILD = YES;
				WARNING_CFLAGS = (
					"-Wall",
					"-Weverything",
					"-fdiagnostics-show-category=id",
				);
				WRAPPER_EXTENSION = octest;
			};
			name = Debug;
		};
		E095E0E61156577400C27BE8 /* Release */ = {
			isa = XCBuildConfiguration;
			buildSettings = {
				ALWAYS_SEARCH_USER_PATHS = NO;
				ARCHS = (
					x86_64,
					i386,
					ppc,
				);
				COMBINE_HIDPI_IMAGES = YES;
				COPY_PHASE_STRIP = YES;
				DEBUG_INFORMATION_FORMAT = "dwarf-with-dsym";
				FRAMEWORK_SEARCH_PATHS = "$(DEVELOPER_LIBRARY_DIR)/Frameworks";
				GCC_ENABLE_OBJC_EXCEPTIONS = YES;
				GCC_MODEL_TUNING = G5;
				GCC_PRECOMPILE_PREFIX_HEADER = YES;
				GCC_PREFIX_HEADER = "SystemLog-Tests/SystemLogTests.pch";
				GCC_PREPROCESSOR_DEFINITIONS = (
					"LCLSystemLogConnection=TestLCLSystemLogConnection",
					"LCLSystemLog=TestLCLSystemLog",
					SYSTEMLOG_TESTS_TEMPLATES_BUILD,
				);
				GCC_TREAT_IMPLICIT_FUNCTION_DECLARATIONS_AS_ERRORS = YES;
				GCC_TREAT_NONCONFORMANT_CODE_ERRORS_AS_WARNINGS = YES;
				GCC_TREAT_WARNINGS_AS_ERRORS = YES;
				GCC_WARN_64_TO_32_BIT_CONVERSION = YES;
				GCC_WARN_ABOUT_MISSING_NEWLINE = YES;
				GCC_WARN_ABOUT_MISSING_PROTOTYPES = YES;
				GCC_WARN_CHECK_SWITCH_STATEMENTS = YES;
				GCC_WARN_INITIALIZER_NOT_FULLY_BRACKETED = YES;
				GCC_WARN_MISSING_PARENTHESES = YES;
				GCC_WARN_PROTOTYPE_CONVERSION = NO;
				GCC_WARN_SHADOW = YES;
				GCC_WARN_SIGN_COMPARE = YES;
				GCC_WARN_UNKNOWN_PRAGMAS = YES;
				GCC_WARN_UNUSED_FUNCTION = YES;
				GCC_WARN_UNUSED_LABEL = YES;
				GCC_WARN_UNUSED_PARAMETER = YES;
				INFOPLIST_FILE = "SystemLog-Tests/SystemLog-Tests-Info.plist";
				INSTALL_PATH = "$(USER_LIBRARY_DIR)/Bundles";
				ONLY_ACTIVE_ARCH = NO;
				OTHER_LDFLAGS = (
					"-framework",
					Foundation,
					"-framework",
					SenTestingKit,
				);
				PRODUCT_NAME = "SystemLog-Tests-Standalone";
				SDKROOT = "";
				TEST_AFTER_BUILD = YES;
				WARNING_CFLAGS = (
					"-Wall",
					"-Weverything",
					"-fdiagnostics-show-category=id",
				);
				WRAPPER_EXTENSION = octest;
				ZERO_LINK = NO;
			};
			name = Release;
		};
		E0DB2F5C113B079C003E06ED /* Debug */ = {
			isa = XCBuildConfiguration;
			buildSettings = {
				ALWAYS_SEARCH_USER_PATHS = NO;
				ARCHS = "$(ARCHS_STANDARD_32_BIT)";
				COPY_PHASE_STRIP = NO;
				FRAMEWORK_SEARCH_PATHS = "$(DEVELOPER_LIBRARY_DIR)/Frameworks";
				GCC_DYNAMIC_NO_PIC = NO;
				GCC_ENABLE_OBJC_EXCEPTIONS = YES;
				GCC_MODEL_TUNING = G5;
				GCC_OPTIMIZATION_LEVEL = 0;
				GCC_PRECOMPILE_PREFIX_HEADER = YES;
				GCC_PREFIX_HEADER = "SystemLog-Tests/SystemLogTests.pch";
				GCC_TREAT_IMPLICIT_FUNCTION_DECLARATIONS_AS_ERRORS = YES;
				GCC_TREAT_NONCONFORMANT_CODE_ERRORS_AS_WARNINGS = YES;
				GCC_TREAT_WARNINGS_AS_ERRORS = YES;
				GCC_WARN_64_TO_32_BIT_CONVERSION = YES;
				GCC_WARN_ABOUT_MISSING_NEWLINE = YES;
				GCC_WARN_ABOUT_MISSING_PROTOTYPES = YES;
				GCC_WARN_CHECK_SWITCH_STATEMENTS = YES;
				GCC_WARN_INITIALIZER_NOT_FULLY_BRACKETED = YES;
				GCC_WARN_MISSING_PARENTHESES = YES;
				GCC_WARN_PROTOTYPE_CONVERSION = NO;
				GCC_WARN_SHADOW = YES;
				GCC_WARN_SIGN_COMPARE = YES;
				GCC_WARN_UNKNOWN_PRAGMAS = YES;
				GCC_WARN_UNUSED_FUNCTION = YES;
				GCC_WARN_UNUSED_LABEL = YES;
				GCC_WARN_UNUSED_PARAMETER = YES;
				INFOPLIST_FILE = "SystemLog-Tests/SystemLog-Tests-Info.plist";
				INSTALL_PATH = "$(USER_LIBRARY_DIR)/Bundles";
				IPHONEOS_DEPLOYMENT_TARGET = 3.0;
				ONLY_ACTIVE_ARCH = NO;
				OTHER_LDFLAGS = (
					"-framework",
					Foundation,
					"-framework",
					SenTestingKit,
				);
				PRODUCT_NAME = "SystemLog-Tests-iPhoneOS-Device";
				SDKROOT = iphoneos;
				TEST_AFTER_BUILD = YES;
				WRAPPER_EXTENSION = octest;
			};
			name = Debug;
		};
		E0DB2F5D113B079C003E06ED /* Release */ = {
			isa = XCBuildConfiguration;
			buildSettings = {
				ALWAYS_SEARCH_USER_PATHS = NO;
				ARCHS = "$(ARCHS_STANDARD_32_BIT)";
				COPY_PHASE_STRIP = YES;
				DEBUG_INFORMATION_FORMAT = "dwarf-with-dsym";
				FRAMEWORK_SEARCH_PATHS = "$(DEVELOPER_LIBRARY_DIR)/Frameworks";
				GCC_ENABLE_OBJC_EXCEPTIONS = YES;
				GCC_MODEL_TUNING = G5;
				GCC_PRECOMPILE_PREFIX_HEADER = YES;
				GCC_PREFIX_HEADER = "SystemLog-Tests/SystemLogTests.pch";
				GCC_TREAT_IMPLICIT_FUNCTION_DECLARATIONS_AS_ERRORS = YES;
				GCC_TREAT_NONCONFORMANT_CODE_ERRORS_AS_WARNINGS = YES;
				GCC_TREAT_WARNINGS_AS_ERRORS = YES;
				GCC_WARN_64_TO_32_BIT_CONVERSION = YES;
				GCC_WARN_ABOUT_MISSING_NEWLINE = YES;
				GCC_WARN_ABOUT_MISSING_PROTOTYPES = YES;
				GCC_WARN_CHECK_SWITCH_STATEMENTS = YES;
				GCC_WARN_INITIALIZER_NOT_FULLY_BRACKETED = YES;
				GCC_WARN_MISSING_PARENTHESES = YES;
				GCC_WARN_PROTOTYPE_CONVERSION = NO;
				GCC_WARN_SHADOW = YES;
				GCC_WARN_SIGN_COMPARE = YES;
				GCC_WARN_UNKNOWN_PRAGMAS = YES;
				GCC_WARN_UNUSED_FUNCTION = YES;
				GCC_WARN_UNUSED_LABEL = YES;
				GCC_WARN_UNUSED_PARAMETER = YES;
				INFOPLIST_FILE = "SystemLog-Tests/SystemLog-Tests-Info.plist";
				INSTALL_PATH = "$(USER_LIBRARY_DIR)/Bundles";
				IPHONEOS_DEPLOYMENT_TARGET = 3.0;
				ONLY_ACTIVE_ARCH = NO;
				OTHER_LDFLAGS = (
					"-framework",
					Foundation,
					"-framework",
					SenTestingKit,
				);
				PRODUCT_NAME = "SystemLog-Tests-iPhoneOS-Device";
				SDKROOT = iphoneos;
				TEST_AFTER_BUILD = YES;
				WRAPPER_EXTENSION = octest;
				ZERO_LINK = NO;
			};
			name = Release;
		};
/* End XCBuildConfiguration section */

/* Begin XCConfigurationList section */
		C01FCF4E08A954540054247B /* Build configuration list for PBXProject "LibComponentLogging-SystemLog" */ = {
			isa = XCConfigurationList;
			buildConfigurations = (
				C01FCF4F08A954540054247B /* Debug */,
				C01FCF5008A954540054247B /* Release */,
			);
			defaultConfigurationIsVisible = 0;
			defaultConfigurationName = Release;
		};
		E02A2BAF114D5D0C0089CD35 /* Build configuration list for PBXNativeTarget "SystemLog-Tests-Templates" */ = {
			isa = XCConfigurationList;
			buildConfigurations = (
				E02A2BB0114D5D0C0089CD35 /* Debug */,
				E02A2BB1114D5D0C0089CD35 /* Release */,
			);
			defaultConfigurationIsVisible = 0;
			defaultConfigurationName = Release;
		};
		E0328902113B0682005C878D /* Build configuration list for PBXNativeTarget "SystemLog-Tests-MacOSX-ClangLLVM" */ = {
			isa = XCConfigurationList;
			buildConfigurations = (
				E0328903113B0682005C878D /* Debug */,
				E0328904113B0682005C878D /* Release */,
			);
			defaultConfigurationIsVisible = 0;
			defaultConfigurationName = Release;
		};
		E03B9CCC113B02F300628BF9 /* Build configuration list for PBXNativeTarget "SystemLog-Tests" */ = {
			isa = XCConfigurationList;
			buildConfigurations = (
				E03B9CCA113B02F300628BF9 /* Debug */,
				E03B9CCB113B02F300628BF9 /* Release */,
			);
			defaultConfigurationIsVisible = 0;
			defaultConfigurationName = Release;
		};
		E0464149144F6074005FFD8F /* Build configuration list for PBXNativeTarget "SystemLog-Tests-MacOSX-ARC" */ = {
			isa = XCConfigurationList;
			buildConfigurations = (
				E046414A144F6074005FFD8F /* Debug */,
				E046414B144F6074005FFD8F /* Release */,
			);
			defaultConfigurationIsVisible = 0;
			defaultConfigurationName = Release;
		};
		E07CE1471142E0DD00EB3CE2 /* Build configuration list for PBXNativeTarget "SystemLog-Tests-MacOSX-StaticAnalyzer" */ = {
			isa = XCConfigurationList;
			buildConfigurations = (
				E07CE1481142E0DD00EB3CE2 /* Debug */,
				E07CE1491142E0DD00EB3CE2 /* Release */,
			);
			defaultConfigurationIsVisible = 0;
			defaultConfigurationName = Release;
		};
		E095E0E41156577400C27BE8 /* Build configuration list for PBXNativeTarget "SystemLog-Tests-Standalone" */ = {
			isa = XCConfigurationList;
			buildConfigurations = (
				E095E0E51156577400C27BE8 /* Debug */,
				E095E0E61156577400C27BE8 /* Release */,
			);
			defaultConfigurationIsVisible = 0;
			defaultConfigurationName = Release;
		};
		E0DB2F5B113B079C003E06ED /* Build configuration list for PBXNativeTarget "SystemLog-Tests-iPhoneOS-Device" */ = {
			isa = XCConfigurationList;
			buildConfigurations = (
				E0DB2F5C113B079C003E06ED /* Debug */,
				E0DB2F5D113B079C003E06ED /* Release */,
			);
			defaultConfigurationIsVisible = 0;
			defaultConfigurationName = Release;
		};
/* End XCConfigurationList section */
	};
	rootObject = 29B97313FDCFA39411CA2CEA /* Project object */;
}
